PODS:
  - Alamofire (4.5.0)
  - AwesomeMVVM (0.2.3)
  - DropDown (2)
  - IQKeyboardManagerSwift (4.0.10)
  - JSQMessagesViewController (7.3.4):
    - JSQSystemSoundPlayer (~> 2.0.1)
  - JSQSystemSoundPlayer (2.0.1)
  - Kingfisher (3.10.2)
  - KMPlaceholderTextView (1.3.0)
  - Moya (8.0.5):
    - Moya/Core (= 8.0.5)
  - Moya/Core (8.0.5):
    - Alamofire (~> 4.1)
    - Result (~> 3.0)
  - Moya/RxSwift (8.0.5):
    - Moya/Core
    - RxSwift (~> 3.0)
  - Result (3.2.3)
  - RxCocoa (3.5.0):
    - RxSwift (~> 3.4)
  - RxDataSources (1.0.4):
    - RxCocoa (~> 3.0)
    - RxSwift (~> 3.0)
  - RxSwift (3.5.0)
  - SwiftyJSON (3.1.4)
  - UIScrollView-InfiniteScroll (1.0.1)
  - XLPagerTabStrip (7.0.0)

DEPENDENCIES:
  - AwesomeMVVM (from `https://github.com/congnt24/AwesomeMVVM.git`)
  - DropDown
  - IQKeyboardManagerSwift
  - JSQMessagesViewController
  - Kingfisher (~> 3.0)
  - KMPlaceholderTextView (~> 1.3.0)
  - Moya
  - Moya/RxSwift
  - RxCocoa
  - RxDataSources
  - RxSwift
  - SwiftyJSON
  - UIScrollView-InfiniteScroll (~> 1.0.0)
  - XLPagerTabStrip

EXTERNAL SOURCES:
  AwesomeMVVM:
    :git: https://github.com/congnt24/AwesomeMVVM.git

CHECKOUT OPTIONS:
  AwesomeMVVM:
    :commit: f298be5625ca18b4a9671a31a0d747de39306536
    :git: https://github.com/congnt24/AwesomeMVVM.git

SPEC CHECKSUMS:
  Alamofire: f28cdffd29de33a7bfa022cbd63ae95a27fae140
  AwesomeMVVM: abcaf08ec455b33750241345f0905689b3ebb8a1
  DropDown: 744784d9c9aa505100e942c16acd05430cbb2f0a
  IQKeyboardManagerSwift: 75ba21a23794a1e6b6fe6d9a267ea17f80e06771
  JSQMessagesViewController: 39fed975e3c9f8eba7292071e29eeb541d105e66
  JSQSystemSoundPlayer: c5850e77a4363ffd374cd851154b9af93264ed8d
  Kingfisher: 7297492bf8cec9b2e2dee3519f2219948580d98e
  KMPlaceholderTextView: 2bbcd19a273648a80a61e1e48f9743a24d8930e3
  Moya: c37eec09a098ba9991b5a963b291fc5704bdb9ef
  Result: 128640a6347e8d2ae48b142556739a2d13f90ce6
  RxCocoa: a0a09f45d0e5b48ecb6a4a7b4b4c89c88d3f633f
  RxDataSources: b3389acc5fe2eefb8fcd81a2b76a876ad08bc82a
  RxSwift: 18ee9d78b45edb3b0b7e79916b47a116e6dbc842
  SwiftyJSON: c2842d878f95482ffceec5709abc3d05680c0220
  UIScrollView-InfiniteScroll: a90df4ba4a7ca1926128ade34a850ddbdf74c564
  XLPagerTabStrip: 9be80a66c6b7d60306b2c0a6004965016d68f813

PODFILE CHECKSUM: 74ed9f235eccf255412d5fd84cad61cd7c7f0b37

COCOAPODS: 1.2.1
