// !$*UTF8*$!
{
	archiveVersion = 1;
	classes = {
	};
	objectVersion = 46;
	objects = {

/* Begin PBXBuildFile section */
		0213995F1F286ABB00BB0642 /* ItemView.swift in Sources */ = {isa = PBXBuildFile; fileRef = 0213995E1F286ABB00BB0642 /* ItemView.swift */; };
		021399611F286AC700BB0642 /* ItemView.xib in Resources */ = {isa = PBXBuildFile; fileRef = 021399601F286AC700BB0642 /* ItemView.xib */; };
		021399631F286B1000BB0642 /* BaseCustomView.swift in Sources */ = {isa = PBXBuildFile; fileRef = 021399621F286B1000BB0642 /* BaseCustomView.swift */; };
		02144A741F38AACF00187481 /* DanhGiaTableViewCell.swift in Sources */ = {isa = PBXBuildFile; fileRef = 02144A721F38AACF00187481 /* DanhGiaTableViewCell.swift */; };
		02144A751F38AACF00187481 /* DanhGiaTableViewCell.xib in Resources */ = {isa = PBXBuildFile; fileRef = 02144A731F38AACF00187481 /* DanhGiaTableViewCell.xib */; };
		0218D7571F35DE6E008C8F6D /* DanhSachKHViewController.swift in Sources */ = {isa = PBXBuildFile; fileRef = 0218D7561F35DE6E008C8F6D /* DanhSachKHViewController.swift */; };
		021B6EB31F3370FE00DF5CD6 /* ModelOrderClientResponse.swift in Sources */ = {isa = PBXBuildFile; fileRef = 021B6EB21F3370FE00DF5CD6 /* ModelOrderClientResponse.swift */; };
		021B82911F241F8100B757D7 /* BaoGiaTableViewCell.swift in Sources */ = {isa = PBXBuildFile; fileRef = 021B828F1F241F8100B757D7 /* BaoGiaTableViewCell.swift */; };
		021B82921F241F8100B757D7 /* BaoGiaTableViewCell.xib in Resources */ = {isa = PBXBuildFile; fileRef = 021B82901F241F8100B757D7 /* BaoGiaTableViewCell.xib */; };
		021B82951F242FAD00B757D7 /* DonHangSubViewController.swift in Sources */ = {isa = PBXBuildFile; fileRef = 021B82941F242FAD00B757D7 /* DonHangSubViewController.swift */; };
		021B82971F242FBB00B757D7 /* OrderBaoGiaSubViewController.swift in Sources */ = {isa = PBXBuildFile; fileRef = 021B82961F242FBB00B757D7 /* OrderBaoGiaSubViewController.swift */; };
		021B829A1F24503200B757D7 /* NotifyTableViewCell.swift in Sources */ = {isa = PBXBuildFile; fileRef = 021B82981F24503200B757D7 /* NotifyTableViewCell.swift */; };
		021B829B1F24503200B757D7 /* NotifyTableViewCell.xib in Resources */ = {isa = PBXBuildFile; fileRef = 021B82991F24503200B757D7 /* NotifyTableViewCell.xib */; };
		021B829D1F24576800B757D7 /* AwesomeDialog.swift in Sources */ = {isa = PBXBuildFile; fileRef = 021B829C1F24576800B757D7 /* AwesomeDialog.swift */; };
		021B82A11F247BCC00B757D7 /* AwesomeCloseButton.swift in Sources */ = {isa = PBXBuildFile; fileRef = 021B82A01F247BCC00B757D7 /* AwesomeCloseButton.swift */; };
		021B82A31F24894300B757D7 /* AwesomeRadioGroup.swift in Sources */ = {isa = PBXBuildFile; fileRef = 021B82A21F24894300B757D7 /* AwesomeRadioGroup.swift */; };
		021B82A51F2489C600B757D7 /* AwesomeRadioGroupCell.swift in Sources */ = {isa = PBXBuildFile; fileRef = 021B82A41F2489C600B757D7 /* AwesomeRadioGroupCell.swift */; };
		021B82AA1F24E98600B757D7 /* DeliveryTableViewCell.swift in Sources */ = {isa = PBXBuildFile; fileRef = 021B82A81F24E98600B757D7 /* DeliveryTableViewCell.swift */; };
		021B82AB1F24E98600B757D7 /* DeliveryTableViewCell.xib in Resources */ = {isa = PBXBuildFile; fileRef = 021B82A91F24E98600B757D7 /* DeliveryTableViewCell.xib */; };
		021B82AE1F24F0C500B757D7 /* ConversationTableViewCell.swift in Sources */ = {isa = PBXBuildFile; fileRef = 021B82AC1F24F0C500B757D7 /* ConversationTableViewCell.swift */; };
		021B82AF1F24F0C500B757D7 /* ConversationTableViewCell.xib in Resources */ = {isa = PBXBuildFile; fileRef = 021B82AD1F24F0C500B757D7 /* ConversationTableViewCell.xib */; };
		0222CB321F2964D100B20236 /* TaoDonHangViewController.swift in Sources */ = {isa = PBXBuildFile; fileRef = 0222CB311F2964D100B20236 /* TaoDonHangViewController.swift */; };
		0223C7EB1F29B9E0005949C9 /* ReviewView.swift in Sources */ = {isa = PBXBuildFile; fileRef = 0223C7EA1F29B9E0005949C9 /* ReviewView.swift */; };
		0223C7ED1F29B9F1005949C9 /* ReviewView.xib in Resources */ = {isa = PBXBuildFile; fileRef = 0223C7EC1F29B9F1005949C9 /* ReviewView.xib */; };
		0223C7EF1F2A1516005949C9 /* UserView.swift in Sources */ = {isa = PBXBuildFile; fileRef = 0223C7EE1F2A1516005949C9 /* UserView.swift */; };
		0223C7F11F2A1526005949C9 /* UserView.xib in Resources */ = {isa = PBXBuildFile; fileRef = 0223C7F01F2A1526005949C9 /* UserView.xib */; };
		0223C7F31F2A2361005949C9 /* DanhGiaView.swift in Sources */ = {isa = PBXBuildFile; fileRef = 0223C7F21F2A2361005949C9 /* DanhGiaView.swift */; };
		0223C7F51F2A236E005949C9 /* DanhGiaView.xib in Resources */ = {isa = PBXBuildFile; fileRef = 0223C7F41F2A236E005949C9 /* DanhGiaView.xib */; };
		0223C7F71F2A36B0005949C9 /* DeliveryMainViewController.swift in Sources */ = {isa = PBXBuildFile; fileRef = 0223C7F61F2A36B0005949C9 /* DeliveryMainViewController.swift */; };
		0223C7F91F2A4210005949C9 /* DeliveryDaHuyViewController.swift in Sources */ = {isa = PBXBuildFile; fileRef = 0223C7F81F2A4210005949C9 /* DeliveryDaHuyViewController.swift */; };
		0223C7FB1F2A422A005949C9 /* DeliveryHoanThanhViewController.swift in Sources */ = {isa = PBXBuildFile; fileRef = 0223C7FA1F2A422A005949C9 /* DeliveryHoanThanhViewController.swift */; };
		0223C7FD1F2A44A1005949C9 /* ThanhToanViewController.swift in Sources */ = {isa = PBXBuildFile; fileRef = 0223C7FC1F2A44A1005949C9 /* ThanhToanViewController.swift */; };
		022A8D0C1F28F02000D69411 /* OrderTaoDonMuaViewController.swift in Sources */ = {isa = PBXBuildFile; fileRef = 022A8D0B1F28F02000D69411 /* OrderTaoDonMuaViewController.swift */; };
		022A8D0F1F28F04200D69411 /* TaoDonHang1ViewController.swift in Sources */ = {isa = PBXBuildFile; fileRef = 022A8D0E1F28F04200D69411 /* TaoDonHang1ViewController.swift */; };
		022A8D111F28F05000D69411 /* TaoDonHang2ViewController.swift in Sources */ = {isa = PBXBuildFile; fileRef = 022A8D101F28F05000D69411 /* TaoDonHang2ViewController.swift */; };
		022A8D131F28F05C00D69411 /* TaoDonHang3ViewController.swift in Sources */ = {isa = PBXBuildFile; fileRef = 022A8D121F28F05C00D69411 /* TaoDonHang3ViewController.swift */; };
		022D72991F2793A600CC548E /* DeliveryOrderCoordinator.swift in Sources */ = {isa = PBXBuildFile; fileRef = 022D72981F2793A600CC548E /* DeliveryOrderCoordinator.swift */; };
		022D729B1F2793B800CC548E /* DeliveryMainCoordinator.swift in Sources */ = {isa = PBXBuildFile; fileRef = 022D729A1F2793B800CC548E /* DeliveryMainCoordinator.swift */; };
		022D729D1F2793D100CC548E /* OrderOrderCoordinator.swift in Sources */ = {isa = PBXBuildFile; fileRef = 022D729C1F2793D100CC548E /* OrderOrderCoordinator.swift */; };
		022D729F1F2793DB00CC548E /* OrderMainCoordinator.swift in Sources */ = {isa = PBXBuildFile; fileRef = 022D729E1F2793DB00CC548E /* OrderMainCoordinator.swift */; };
		022D72A71F279C8900CC548E /* OrderBaoGiaDetailSubViewController.swift in Sources */ = {isa = PBXBuildFile; fileRef = 022D72A61F279C8900CC548E /* OrderBaoGiaDetailSubViewController.swift */; };
		022D72A91F279EDE00CC548E /* OrderDialogBaoGia1ViewController.swift in Sources */ = {isa = PBXBuildFile; fileRef = 022D72A81F279EDE00CC548E /* OrderDialogBaoGia1ViewController.swift */; };
		022D72AB1F279F6500CC548E /* OrderDialogBaoGia2ViewController.swift in Sources */ = {isa = PBXBuildFile; fileRef = 022D72AA1F279F6500CC548E /* OrderDialogBaoGia2ViewController.swift */; };
		022D72AD1F279F7100CC548E /* OrderDialogBaoGia3ViewController.swift in Sources */ = {isa = PBXBuildFile; fileRef = 022D72AC1F279F7100CC548E /* OrderDialogBaoGia3ViewController.swift */; };
		022D72AF1F279F7C00CC548E /* OrderDialogBaoGia4ViewController.swift in Sources */ = {isa = PBXBuildFile; fileRef = 022D72AE1F279F7C00CC548E /* OrderDialogBaoGia4ViewController.swift */; };
		022D72B11F27A47B00CC548E /* OrderDialogDangChuyen1ViewController.swift in Sources */ = {isa = PBXBuildFile; fileRef = 022D72B01F27A47B00CC548E /* OrderDialogDangChuyen1ViewController.swift */; };
		022D72B31F27A48500CC548E /* OrderDialogDangChuyen2ViewController.swift in Sources */ = {isa = PBXBuildFile; fileRef = 022D72B21F27A48500CC548E /* OrderDialogDangChuyen2ViewController.swift */; };
		022D72B51F27A49300CC548E /* OrderDialogDangChuyen3ViewController.swift in Sources */ = {isa = PBXBuildFile; fileRef = 022D72B41F27A49300CC548E /* OrderDialogDangChuyen3ViewController.swift */; };
		022D72B91F27A83200CC548E /* RateDetail.swift in Sources */ = {isa = PBXBuildFile; fileRef = 022D72B81F27A83200CC548E /* RateDetail.swift */; };
		022D72BB1F27A84000CC548E /* RateDetail.xib in Resources */ = {isa = PBXBuildFile; fileRef = 022D72BA1F27A84000CC548E /* RateDetail.xib */; };
		023056D91F2CE59C00D01ECA /* Extensions.swift in Sources */ = {isa = PBXBuildFile; fileRef = 023056D81F2CE59C00D01ECA /* Extensions.swift */; };
		023B39D21F2B02BD00E53A6D /* BaoGiaDeliveryTableViewCell.swift in Sources */ = {isa = PBXBuildFile; fileRef = 023B39D01F2B02BD00E53A6D /* BaoGiaDeliveryTableViewCell.swift */; };
		023B39D31F2B02BD00E53A6D /* BaoGiaDeliveryTableViewCell.xib in Resources */ = {isa = PBXBuildFile; fileRef = 023B39D11F2B02BD00E53A6D /* BaoGiaDeliveryTableViewCell.xib */; };
		023B39D51F2B075400E53A6D /* DeliveryBaoGiaFinalViewController.swift in Sources */ = {isa = PBXBuildFile; fileRef = 023B39D41F2B075400E53A6D /* DeliveryBaoGiaFinalViewController.swift */; };
		023B39D81F2B1A7B00E53A6D /* DeliveryDialogBaoGiaViewController.swift in Sources */ = {isa = PBXBuildFile; fileRef = 023B39D71F2B1A7B00E53A6D /* DeliveryDialogBaoGiaViewController.swift */; };
		023B39DA1F2B266100E53A6D /* HTMLLabel.swift in Sources */ = {isa = PBXBuildFile; fileRef = 023B39D91F2B266100E53A6D /* HTMLLabel.swift */; };
		023B39DD1F2B43EE00E53A6D /* KhachHangTableViewCell.swift in Sources */ = {isa = PBXBuildFile; fileRef = 023B39DB1F2B43EE00E53A6D /* KhachHangTableViewCell.swift */; };
		023B39DE1F2B43EE00E53A6D /* KhachHangTableViewCell.xib in Resources */ = {isa = PBXBuildFile; fileRef = 023B39DC1F2B43EE00E53A6D /* KhachHangTableViewCell.xib */; };
		023B39E01F2B4EF200E53A6D /* DeliveryAccountViewController.swift in Sources */ = {isa = PBXBuildFile; fileRef = 023B39DF1F2B4EF200E53A6D /* DeliveryAccountViewController.swift */; };
		023B39E21F2B59BB00E53A6D /* StepperView.swift in Sources */ = {isa = PBXBuildFile; fileRef = 023B39E11F2B59BB00E53A6D /* StepperView.swift */; };
		023B39E41F2B59CA00E53A6D /* StepperView.xib in Resources */ = {isa = PBXBuildFile; fileRef = 023B39E31F2B59CA00E53A6D /* StepperView.xib */; };
		023E30981F2DD3CA00D16D04 /* FirebaseAuthHelper.swift in Sources */ = {isa = PBXBuildFile; fileRef = 023E30971F2DD3C900D16D04 /* FirebaseAuthHelper.swift */; };
		023F48861F299C0C00B489D7 /* OrderMain1ViewController.swift in Sources */ = {isa = PBXBuildFile; fileRef = 023F48851F299C0C00B489D7 /* OrderMain1ViewController.swift */; };
		0247A0821F203FFF0057455A /* AwesomeButton.swift in Sources */ = {isa = PBXBuildFile; fileRef = 0247A0811F203FFF0057455A /* AwesomeButton.swift */; };
		024C6A101F3AA01100D31868 /* SocketIOHelper.swift in Sources */ = {isa = PBXBuildFile; fileRef = 024C6A0F1F3AA01100D31868 /* SocketIOHelper.swift */; };
		02525C3B1F2B793600EBCBA7 /* AwesomeTextField2.swift in Sources */ = {isa = PBXBuildFile; fileRef = 02525C3A1F2B793600EBCBA7 /* AwesomeTextField2.swift */; };
		02525C3E1F2B8AB600EBCBA7 /* ThanhToanModel.swift in Sources */ = {isa = PBXBuildFile; fileRef = 02525C3D1F2B8AB600EBCBA7 /* ThanhToanModel.swift */; };
		02525C411F2B927900EBCBA7 /* OrderMainOnlineTableViewCell.swift in Sources */ = {isa = PBXBuildFile; fileRef = 02525C3F1F2B927900EBCBA7 /* OrderMainOnlineTableViewCell.swift */; };
		02525C421F2B927900EBCBA7 /* OrderMainOnlineTableViewCell.xib in Resources */ = {isa = PBXBuildFile; fileRef = 02525C401F2B927900EBCBA7 /* OrderMainOnlineTableViewCell.xib */; };
		02525C471F2B93A200EBCBA7 /* OrderMainHeaderTableViewCell.swift in Sources */ = {isa = PBXBuildFile; fileRef = 02525C451F2B93A200EBCBA7 /* OrderMainHeaderTableViewCell.swift */; };
		02525C481F2B93A200EBCBA7 /* OrderMainHeaderTableViewCell.xib in Resources */ = {isa = PBXBuildFile; fileRef = 02525C461F2B93A200EBCBA7 /* OrderMainHeaderTableViewCell.xib */; };
		02530E7E1F2C70EC00334345 /* OrderFilterViewController.swift in Sources */ = {isa = PBXBuildFile; fileRef = 02530E7D1F2C70EC00334345 /* OrderFilterViewController.swift */; };
		02530E881F2C83BD00334345 /* DeliveryFilterViewController.swift in Sources */ = {isa = PBXBuildFile; fileRef = 02530E871F2C83BD00334345 /* DeliveryFilterViewController.swift */; };
		02530E8A1F2C85C900334345 /* Prefs.swift in Sources */ = {isa = PBXBuildFile; fileRef = 02530E891F2C85C900334345 /* Prefs.swift */; };
		02530E8C1F2C864C00334345 /* AppConstant.swift in Sources */ = {isa = PBXBuildFile; fileRef = 02530E8B1F2C864C00334345 /* AppConstant.swift */; };
		02530E8E1F2C886F00334345 /* ChatCoordinator.swift in Sources */ = {isa = PBXBuildFile; fileRef = 02530E8D1F2C886F00334345 /* ChatCoordinator.swift */; };
		025860941F3760740012DD49 /* AlemuaResult.swift in Sources */ = {isa = PBXBuildFile; fileRef = 025860931F3760740012DD49 /* AlemuaResult.swift */; };
		025CC0761F263625003C0883 /* AwesomeToggleViewByHeight.swift in Sources */ = {isa = PBXBuildFile; fileRef = 025CC0751F263625003C0883 /* AwesomeToggleViewByHeight.swift */; };
		025CC0781F263AA8003C0883 /* AwesomeToggleButton.swift in Sources */ = {isa = PBXBuildFile; fileRef = 025CC0771F263AA8003C0883 /* AwesomeToggleButton.swift */; };
		025CC07C1F2646C0003C0883 /* DeliveryNavTabBarCoordinator.swift in Sources */ = {isa = PBXBuildFile; fileRef = 025CC07B1F2646C0003C0883 /* DeliveryNavTabBarCoordinator.swift */; };
		025CC07E1F26470B003C0883 /* DeliveryNavTabBarViewController.swift in Sources */ = {isa = PBXBuildFile; fileRef = 025CC07D1F26470B003C0883 /* DeliveryNavTabBarViewController.swift */; };
		025D3FFD1F23917B00BCD5F7 /* AccountSettingViewController.swift in Sources */ = {isa = PBXBuildFile; fileRef = 025D3FFC1F23917B00BCD5F7 /* AccountSettingViewController.swift */; };
		025D3FFF1F23919500BCD5F7 /* AccountInviteViewController.swift in Sources */ = {isa = PBXBuildFile; fileRef = 025D3FFE1F23919500BCD5F7 /* AccountInviteViewController.swift */; };
		025D40021F2394EA00BCD5F7 /* DonHangTableViewCell.swift in Sources */ = {isa = PBXBuildFile; fileRef = 025D40001F2394EA00BCD5F7 /* DonHangTableViewCell.swift */; };
		025D40031F2394EA00BCD5F7 /* DonHangTableViewCell.xib in Resources */ = {isa = PBXBuildFile; fileRef = 025D40011F2394EA00BCD5F7 /* DonHangTableViewCell.xib */; };
		025D40051F23A85D00BCD5F7 /* OrderCoordinator.swift in Sources */ = {isa = PBXBuildFile; fileRef = 025D40041F23A85D00BCD5F7 /* OrderCoordinator.swift */; };
		025D40081F23A9B400BCD5F7 /* DonMuaViewController.swift in Sources */ = {isa = PBXBuildFile; fileRef = 025D40071F23A9B400BCD5F7 /* DonMuaViewController.swift */; };
		025D400A1F23A9C300BCD5F7 /* DonHangViewController.swift in Sources */ = {isa = PBXBuildFile; fileRef = 025D40091F23A9C300BCD5F7 /* DonHangViewController.swift */; };
		025D400C1F23A9DD00BCD5F7 /* DangChuyenViewController.swift in Sources */ = {isa = PBXBuildFile; fileRef = 025D400B1F23A9DD00BCD5F7 /* DangChuyenViewController.swift */; };
		025D400E1F23A9E900BCD5F7 /* DaMuaViewController.swift in Sources */ = {isa = PBXBuildFile; fileRef = 025D400D1F23A9E900BCD5F7 /* DaMuaViewController.swift */; };
		025D40141F23B27A00BCD5F7 /* AwesomeBackBarButton.swift in Sources */ = {isa = PBXBuildFile; fileRef = 025D40131F23B27A00BCD5F7 /* AwesomeBackBarButton.swift */; };
		026493B21F485C58000E0FEE /* GoogleService-Info.plist in Resources */ = {isa = PBXBuildFile; fileRef = 026493B11F485C58000E0FEE /* GoogleService-Info.plist */; };
		027262BC1F322EA600D1FB08 /* ModelQuoteResponse.swift in Sources */ = {isa = PBXBuildFile; fileRef = 027262BB1F322EA600D1FB08 /* ModelQuoteResponse.swift */; };
		027B01311F1E621600D576CE /* AppDelegate.swift in Sources */ = {isa = PBXBuildFile; fileRef = 027B01301F1E621600D576CE /* AppDelegate.swift */; };
		027B01381F1E621600D576CE /* Assets.xcassets in Resources */ = {isa = PBXBuildFile; fileRef = 027B01371F1E621600D576CE /* Assets.xcassets */; };
		027B01501F1EF14A00D576CE /* AppCoordinator.swift in Sources */ = {isa = PBXBuildFile; fileRef = 027B014F1F1EF14A00D576CE /* AppCoordinator.swift */; };
		028AF0E71F35B8CA00387FFC /* ModelDonHangDangChuyenResponse.swift in Sources */ = {isa = PBXBuildFile; fileRef = 028AF0E61F35B8CA00387FFC /* ModelDonHangDangChuyenResponse.swift */; };
		028AF0E91F35BB2100387FFC /* BaseResponse.swift in Sources */ = {isa = PBXBuildFile; fileRef = 028AF0E81F35BB2100387FFC /* BaseResponse.swift */; };
		028AF0EB1F35C3C500387FFC /* PictureHelper.swift in Sources */ = {isa = PBXBuildFile; fileRef = 028AF0EA1F35C3C500387FFC /* PictureHelper.swift */; };
		028AF0ED1F35C7B400387FFC /* ProfileResponse.swift in Sources */ = {isa = PBXBuildFile; fileRef = 028AF0EC1F35C7B400387FFC /* ProfileResponse.swift */; };
		029B09111F207C990036F01F /* BaseViewModel.swift in Sources */ = {isa = PBXBuildFile; fileRef = 029B090F1F207C990036F01F /* BaseViewModel.swift */; };
		029B09121F207C990036F01F /* TableViewViewController.swift in Sources */ = {isa = PBXBuildFile; fileRef = 029B09101F207C990036F01F /* TableViewViewController.swift */; };
		02A2AEE41F20E569007EB372 /* SingleOrderViewController.swift in Sources */ = {isa = PBXBuildFile; fileRef = 02A2AEE31F20E569007EB372 /* SingleOrderViewController.swift */; };
		02A2AEE61F20F8A7007EB372 /* AwesomeTableViewController.swift in Sources */ = {isa = PBXBuildFile; fileRef = 02A2AEE51F20F8A7007EB372 /* AwesomeTableViewController.swift */; };
		02A2AEEA1F210108007EB372 /* AwesomeUIView.swift in Sources */ = {isa = PBXBuildFile; fileRef = 02A2AEE91F210108007EB372 /* AwesomeUIView.swift */; };
		02A2AEF11F21025D007EB372 /* OrderViewCell.swift in Sources */ = {isa = PBXBuildFile; fileRef = 02A2AEEF1F21025D007EB372 /* OrderViewCell.swift */; };
		02A2AEF21F21025D007EB372 /* OrderViewCell.xib in Resources */ = {isa = PBXBuildFile; fileRef = 02A2AEF01F21025D007EB372 /* OrderViewCell.xib */; };
		02A647461F3410E4006D66D4 /* RequestsModel.swift in Sources */ = {isa = PBXBuildFile; fileRef = 02A647451F3410E4006D66D4 /* RequestsModel.swift */; };
		02B340321F4551050027803A /* Repository.swift in Sources */ = {isa = PBXBuildFile; fileRef = 02B340311F4551050027803A /* Repository.swift */; };
		02B340341F45547D0027803A /* ChatRepository.swift in Sources */ = {isa = PBXBuildFile; fileRef = 02B340331F45547D0027803A /* ChatRepository.swift */; };
		02B5EC0A1F29A1270048B34A /* OrderMain2ViewController.swift in Sources */ = {isa = PBXBuildFile; fileRef = 02B5EC091F29A1270048B34A /* OrderMain2ViewController.swift */; };
		02BC24C61F25CAB300C917CD /* DeliveryOrderViewController.swift in Sources */ = {isa = PBXBuildFile; fileRef = 02BC24C51F25CAB300C917CD /* DeliveryOrderViewController.swift */; };
		02BC24C81F25CB2A00C917CD /* SingleDeliveryViewController.swift in Sources */ = {isa = PBXBuildFile; fileRef = 02BC24C71F25CB2A00C917CD /* SingleDeliveryViewController.swift */; };
		02BC24CA1F25CB5800C917CD /* DeliveryCoordinator.swift in Sources */ = {isa = PBXBuildFile; fileRef = 02BC24C91F25CB5800C917CD /* DeliveryCoordinator.swift */; };
		02BF72651F224B8A00F1F4BC /* DonHang.storyboard in Resources */ = {isa = PBXBuildFile; fileRef = 02BF72641F224B8A00F1F4BC /* DonHang.storyboard */; };
		02BF72691F23338E00F1F4BC /* OrderMainViewController.swift in Sources */ = {isa = PBXBuildFile; fileRef = 02BF72681F23338E00F1F4BC /* OrderMainViewController.swift */; };
		02BF726D1F23449900F1F4BC /* OrderNavTabBarCoordinator.swift in Sources */ = {isa = PBXBuildFile; fileRef = 02BF726C1F23449900F1F4BC /* OrderNavTabBarCoordinator.swift */; };
		02BF72711F23451F00F1F4BC /* OrderNavTabBarViewController.swift in Sources */ = {isa = PBXBuildFile; fileRef = 02BF72701F23451F00F1F4BC /* OrderNavTabBarViewController.swift */; };
		02BF72741F23672000F1F4BC /* OrderOrderViewController.swift in Sources */ = {isa = PBXBuildFile; fileRef = 02BF72731F23672000F1F4BC /* OrderOrderViewController.swift */; };
		02BF72791F23686100F1F4BC /* AccountViewController.swift in Sources */ = {isa = PBXBuildFile; fileRef = 02BF72781F23686100F1F4BC /* AccountViewController.swift */; };
		02BF727C1F2368CD00F1F4BC /* NotifyViewController.swift in Sources */ = {isa = PBXBuildFile; fileRef = 02BF727B1F2368CD00F1F4BC /* NotifyViewController.swift */; };
		02BF727E1F23708100F1F4BC /* AccountCoordinator.swift in Sources */ = {isa = PBXBuildFile; fileRef = 02BF727D1F23708100F1F4BC /* AccountCoordinator.swift */; };
		02BF72801F23734800F1F4BC /* EditAccountViewController.swift in Sources */ = {isa = PBXBuildFile; fileRef = 02BF727F1F23734800F1F4BC /* EditAccountViewController.swift */; };
		02D1CBFB1F36164000E7666A /* ModelHoanThanhResponse.swift in Sources */ = {isa = PBXBuildFile; fileRef = 02D1CBFA1F36164000E7666A /* ModelHoanThanhResponse.swift */; };
		02D1CBFD1F361F1400E7666A /* ModelDaHuyResponse.swift in Sources */ = {isa = PBXBuildFile; fileRef = 02D1CBFC1F361F1400E7666A /* ModelDaHuyResponse.swift */; };
		02D32B771F30A98D00A8A4B6 /* AwesomeSwitch.swift in Sources */ = {isa = PBXBuildFile; fileRef = 02D32B761F30A98D00A8A4B6 /* AwesomeSwitch.swift */; };
		02D32B791F30B7A700A8A4B6 /* StrikeThroughLabel.swift in Sources */ = {isa = PBXBuildFile; fileRef = 02D32B781F30B7A700A8A4B6 /* StrikeThroughLabel.swift */; };
		02D32B7D1F30BD2200A8A4B6 /* AccountKit.framework in Frameworks */ = {isa = PBXBuildFile; fileRef = 02D32B7C1F30BD2200A8A4B6 /* AccountKit.framework */; };
		02D32B7F1F30BD2700A8A4B6 /* AccountKitStrings.bundle in Resources */ = {isa = PBXBuildFile; fileRef = 02D32B7E1F30BD2700A8A4B6 /* AccountKitStrings.bundle */; };
		02D32B821F30D3FC00A8A4B6 /* ModelMainOrderResponse.swift in Sources */ = {isa = PBXBuildFile; fileRef = 02D32B811F30D3FC00A8A4B6 /* ModelMainOrderResponse.swift */; };
		02D32B861F30E00100A8A4B6 /* ModelMainHomeResponse.swift in Sources */ = {isa = PBXBuildFile; fileRef = 02D32B851F30E00100A8A4B6 /* ModelMainHomeResponse.swift */; };
		02F1AE8E1F35587000AD4466 /* ResponseModel.swift in Sources */ = {isa = PBXBuildFile; fileRef = 02F1AE8D1F35587000AD4466 /* ResponseModel.swift */; };
		02F6E2961F37FF51000C0B83 /* PhotoView.swift in Sources */ = {isa = PBXBuildFile; fileRef = 02F6E2951F37FF51000C0B83 /* PhotoView.swift */; };
		02F775151F1F38E900556BED /* HomeCoordinator.swift in Sources */ = {isa = PBXBuildFile; fileRef = 02F775111F1F38E900556BED /* HomeCoordinator.swift */; };
		02F775161F1F38E900556BED /* HomeViewController.swift in Sources */ = {isa = PBXBuildFile; fileRef = 02F775121F1F38E900556BED /* HomeViewController.swift */; };
		02F775171F1F38E900556BED /* HomeViewModel.swift in Sources */ = {isa = PBXBuildFile; fileRef = 02F775131F1F38E900556BED /* HomeViewModel.swift */; };
		02F775291F1F390300556BED /* LoginCoordinator.swift in Sources */ = {isa = PBXBuildFile; fileRef = 02F7751B1F1F390300556BED /* LoginCoordinator.swift */; };
		02F7752A1F1F390300556BED /* LoginViewController.swift in Sources */ = {isa = PBXBuildFile; fileRef = 02F7751C1F1F390300556BED /* LoginViewController.swift */; };
		02F7752B1F1F390300556BED /* LoginViewModel.swift in Sources */ = {isa = PBXBuildFile; fileRef = 02F7751D1F1F390300556BED /* LoginViewModel.swift */; };
		02F7752C1F1F390300556BED /* ProfileViewController.swift in Sources */ = {isa = PBXBuildFile; fileRef = 02F7751E1F1F390300556BED /* ProfileViewController.swift */; };
		02F7752D1F1F390300556BED /* SettingViewController.swift in Sources */ = {isa = PBXBuildFile; fileRef = 02F7751F1F1F390300556BED /* SettingViewController.swift */; };
		02F7752E1F1F390300556BED /* AleApi.swift in Sources */ = {isa = PBXBuildFile; fileRef = 02F775221F1F390300556BED /* AleApi.swift */; };
		02F7752F1F1F390300556BED /* Token.swift in Sources */ = {isa = PBXBuildFile; fileRef = 02F775231F1F390300556BED /* Token.swift */; };
		02F775311F1F390300556BED /* LaunchScreen.storyboard in Resources */ = {isa = PBXBuildFile; fileRef = 02F775261F1F390300556BED /* LaunchScreen.storyboard */; };
		02F775321F1F390300556BED /* Login.storyboard in Resources */ = {isa = PBXBuildFile; fileRef = 02F775271F1F390300556BED /* Login.storyboard */; };
		02F775331F1F390300556BED /* Main.storyboard in Resources */ = {isa = PBXBuildFile; fileRef = 02F775281F1F390300556BED /* Main.storyboard */; };
		02F775381F1F3ABD00556BED /* StarView.swift in Sources */ = {isa = PBXBuildFile; fileRef = 02F775371F1F3ABD00556BED /* StarView.swift */; };
		02F775481F1F556100556BED /* ChatViewController.swift in Sources */ = {isa = PBXBuildFile; fileRef = 02F775471F1F556100556BED /* ChatViewController.swift */; };
		02F7754A1F1F56BD00556BED /* ConversationViewController.swift in Sources */ = {isa = PBXBuildFile; fileRef = 02F775491F1F56BD00556BED /* ConversationViewController.swift */; };
		02F775501F1F731500556BED /* ChatWrapperViewController.swift in Sources */ = {isa = PBXBuildFile; fileRef = 02F7754F1F1F731500556BED /* ChatWrapperViewController.swift */; };
		02F775541F1FB23100556BED /* InputField.swift in Sources */ = {isa = PBXBuildFile; fileRef = 02F775531F1FB23100556BED /* InputField.swift */; };
		02F775561F1FB46300556BED /* Profile.storyboard in Resources */ = {isa = PBXBuildFile; fileRef = 02F775551F1FB46300556BED /* Profile.storyboard */; };
		02FDFD2E1F4843A500F3A72B /* LoginByPasswordViewController.swift in Sources */ = {isa = PBXBuildFile; fileRef = 02FDFD2D1F4843A500F3A72B /* LoginByPasswordViewController.swift */; };
		24C5FF5AB26952A9B36F5E70 /* Pods_Alemua.framework in Frameworks */ = {isa = PBXBuildFile; fileRef = 9052E9F90A054DFAA1105007 /* Pods_Alemua.framework */; };
		78A47DC6789735EDFE8C79F6 /* ConversationUserResponse.swift in Sources */ = {isa = PBXBuildFile; fileRef = 78A47C9815B1D2DF7936B4DA /* ConversationUserResponse.swift */; };
/* End PBXBuildFile section */

/* Begin PBXFileReference section */
		0213995E1F286ABB00BB0642 /* ItemView.swift */ = {isa = PBXFileReference; fileEncoding = 4; lastKnownFileType = sourcecode.swift; name = ItemView.swift; path = CustomView/ItemView.swift; sourceTree = "<group>"; };
		021399601F286AC700BB0642 /* ItemView.xib */ = {isa = PBXFileReference; fileEncoding = 4; lastKnownFileType = file.xib; name = ItemView.xib; path = CustomView/ItemView.xib; sourceTree = "<group>"; };
		021399621F286B1000BB0642 /* BaseCustomView.swift */ = {isa = PBXFileReference; fileEncoding = 4; lastKnownFileType = sourcecode.swift; path = BaseCustomView.swift; sourceTree = "<group>"; };
		02144A721F38AACF00187481 /* DanhGiaTableViewCell.swift */ = {isa = PBXFileReference; fileEncoding = 4; lastKnownFileType = sourcecode.swift; name = DanhGiaTableViewCell.swift; path = CustomView/DanhGiaTableViewCell.swift; sourceTree = "<group>"; };
		02144A731F38AACF00187481 /* DanhGiaTableViewCell.xib */ = {isa = PBXFileReference; fileEncoding = 4; lastKnownFileType = file.xib; name = DanhGiaTableViewCell.xib; path = CustomView/DanhGiaTableViewCell.xib; sourceTree = "<group>"; };
		0218D7561F35DE6E008C8F6D /* DanhSachKHViewController.swift */ = {isa = PBXFileReference; fileEncoding = 4; lastKnownFileType = sourcecode.swift; name = DanhSachKHViewController.swift; path = Account/DanhSachKHViewController.swift; sourceTree = "<group>"; };
		021B6EB21F3370FE00DF5CD6 /* ModelOrderClientResponse.swift */ = {isa = PBXFileReference; fileEncoding = 4; lastKnownFileType = sourcecode.swift; path = ModelOrderClientResponse.swift; sourceTree = "<group>"; };
		021B828F1F241F8100B757D7 /* BaoGiaTableViewCell.swift */ = {isa = PBXFileReference; fileEncoding = 4; lastKnownFileType = sourcecode.swift; name = BaoGiaTableViewCell.swift; path = CustomView/BaoGiaTableViewCell.swift; sourceTree = "<group>"; };
		021B82901F241F8100B757D7 /* BaoGiaTableViewCell.xib */ = {isa = PBXFileReference; fileEncoding = 4; lastKnownFileType = file.xib; name = BaoGiaTableViewCell.xib; path = CustomView/BaoGiaTableViewCell.xib; sourceTree = "<group>"; };
		021B82941F242FAD00B757D7 /* DonHangSubViewController.swift */ = {isa = PBXFileReference; fileEncoding = 4; lastKnownFileType = sourcecode.swift; name = DonHangSubViewController.swift; path = Order/DonHangSubViewController.swift; sourceTree = "<group>"; };
		021B82961F242FBB00B757D7 /* OrderBaoGiaSubViewController.swift */ = {isa = PBXFileReference; fileEncoding = 4; lastKnownFileType = sourcecode.swift; name = OrderBaoGiaSubViewController.swift; path = Order/OrderBaoGiaSubViewController.swift; sourceTree = "<group>"; };
		021B82981F24503200B757D7 /* NotifyTableViewCell.swift */ = {isa = PBXFileReference; fileEncoding = 4; lastKnownFileType = sourcecode.swift; name = NotifyTableViewCell.swift; path = CustomView/NotifyTableViewCell.swift; sourceTree = "<group>"; };
		021B82991F24503200B757D7 /* NotifyTableViewCell.xib */ = {isa = PBXFileReference; fileEncoding = 4; lastKnownFileType = file.xib; name = NotifyTableViewCell.xib; path = CustomView/NotifyTableViewCell.xib; sourceTree = "<group>"; };
		021B829C1F24576800B757D7 /* AwesomeDialog.swift */ = {isa = PBXFileReference; fileEncoding = 4; lastKnownFileType = sourcecode.swift; path = AwesomeDialog.swift; sourceTree = "<group>"; };
		021B82A01F247BCC00B757D7 /* AwesomeCloseButton.swift */ = {isa = PBXFileReference; fileEncoding = 4; lastKnownFileType = sourcecode.swift; path = AwesomeCloseButton.swift; sourceTree = "<group>"; };
		021B82A21F24894300B757D7 /* AwesomeRadioGroup.swift */ = {isa = PBXFileReference; fileEncoding = 4; lastKnownFileType = sourcecode.swift; path = AwesomeRadioGroup.swift; sourceTree = "<group>"; };
		021B82A41F2489C600B757D7 /* AwesomeRadioGroupCell.swift */ = {isa = PBXFileReference; fileEncoding = 4; lastKnownFileType = sourcecode.swift; path = AwesomeRadioGroupCell.swift; sourceTree = "<group>"; };
		021B82A81F24E98600B757D7 /* DeliveryTableViewCell.swift */ = {isa = PBXFileReference; fileEncoding = 4; lastKnownFileType = sourcecode.swift; name = DeliveryTableViewCell.swift; path = CustomView/DeliveryTableViewCell.swift; sourceTree = "<group>"; };
		021B82A91F24E98600B757D7 /* DeliveryTableViewCell.xib */ = {isa = PBXFileReference; fileEncoding = 4; lastKnownFileType = file.xib; name = DeliveryTableViewCell.xib; path = CustomView/DeliveryTableViewCell.xib; sourceTree = "<group>"; };
		021B82AC1F24F0C500B757D7 /* ConversationTableViewCell.swift */ = {isa = PBXFileReference; fileEncoding = 4; lastKnownFileType = sourcecode.swift; name = ConversationTableViewCell.swift; path = CustomView/ConversationTableViewCell.swift; sourceTree = "<group>"; };
		021B82AD1F24F0C500B757D7 /* ConversationTableViewCell.xib */ = {isa = PBXFileReference; fileEncoding = 4; lastKnownFileType = file.xib; name = ConversationTableViewCell.xib; path = CustomView/ConversationTableViewCell.xib; sourceTree = "<group>"; };
		0222CB311F2964D100B20236 /* TaoDonHangViewController.swift */ = {isa = PBXFileReference; fileEncoding = 4; lastKnownFileType = sourcecode.swift; name = TaoDonHangViewController.swift; path = Order/TaoDonHangViewController.swift; sourceTree = "<group>"; };
		0223C7EA1F29B9E0005949C9 /* ReviewView.swift */ = {isa = PBXFileReference; fileEncoding = 4; lastKnownFileType = sourcecode.swift; name = ReviewView.swift; path = CustomView/ReviewView.swift; sourceTree = "<group>"; };
		0223C7EC1F29B9F1005949C9 /* ReviewView.xib */ = {isa = PBXFileReference; fileEncoding = 4; lastKnownFileType = file.xib; name = ReviewView.xib; path = CustomView/ReviewView.xib; sourceTree = "<group>"; };
		0223C7EE1F2A1516005949C9 /* UserView.swift */ = {isa = PBXFileReference; fileEncoding = 4; lastKnownFileType = sourcecode.swift; name = UserView.swift; path = CustomView/UserView.swift; sourceTree = "<group>"; };
		0223C7F01F2A1526005949C9 /* UserView.xib */ = {isa = PBXFileReference; fileEncoding = 4; lastKnownFileType = file.xib; name = UserView.xib; path = CustomView/UserView.xib; sourceTree = "<group>"; };
		0223C7F21F2A2361005949C9 /* DanhGiaView.swift */ = {isa = PBXFileReference; fileEncoding = 4; lastKnownFileType = sourcecode.swift; name = DanhGiaView.swift; path = CustomView/DanhGiaView.swift; sourceTree = "<group>"; };
		0223C7F41F2A236E005949C9 /* DanhGiaView.xib */ = {isa = PBXFileReference; fileEncoding = 4; lastKnownFileType = file.xib; name = DanhGiaView.xib; path = CustomView/DanhGiaView.xib; sourceTree = "<group>"; };
		0223C7F61F2A36B0005949C9 /* DeliveryMainViewController.swift */ = {isa = PBXFileReference; fileEncoding = 4; lastKnownFileType = sourcecode.swift; name = DeliveryMainViewController.swift; path = Delivery/DeliveryMainViewController.swift; sourceTree = "<group>"; };
		0223C7F81F2A4210005949C9 /* DeliveryDaHuyViewController.swift */ = {isa = PBXFileReference; fileEncoding = 4; lastKnownFileType = sourcecode.swift; name = DeliveryDaHuyViewController.swift; path = Delivery/DeliveryDaHuyViewController.swift; sourceTree = "<group>"; };
		0223C7FA1F2A422A005949C9 /* DeliveryHoanThanhViewController.swift */ = {isa = PBXFileReference; fileEncoding = 4; lastKnownFileType = sourcecode.swift; name = DeliveryHoanThanhViewController.swift; path = Delivery/DeliveryHoanThanhViewController.swift; sourceTree = "<group>"; };
		0223C7FC1F2A44A1005949C9 /* ThanhToanViewController.swift */ = {isa = PBXFileReference; fileEncoding = 4; lastKnownFileType = sourcecode.swift; name = ThanhToanViewController.swift; path = Account/ThanhToanViewController.swift; sourceTree = "<group>"; };
		022A8D0B1F28F02000D69411 /* OrderTaoDonMuaViewController.swift */ = {isa = PBXFileReference; fileEncoding = 4; lastKnownFileType = sourcecode.swift; name = OrderTaoDonMuaViewController.swift; path = Order/OrderTaoDonMuaViewController.swift; sourceTree = "<group>"; };
		022A8D0E1F28F04200D69411 /* TaoDonHang1ViewController.swift */ = {isa = PBXFileReference; fileEncoding = 4; lastKnownFileType = sourcecode.swift; name = TaoDonHang1ViewController.swift; path = Order/TaoDonHang1ViewController.swift; sourceTree = "<group>"; };
		022A8D101F28F05000D69411 /* TaoDonHang2ViewController.swift */ = {isa = PBXFileReference; fileEncoding = 4; lastKnownFileType = sourcecode.swift; name = TaoDonHang2ViewController.swift; path = Order/TaoDonHang2ViewController.swift; sourceTree = "<group>"; };
		022A8D121F28F05C00D69411 /* TaoDonHang3ViewController.swift */ = {isa = PBXFileReference; fileEncoding = 4; lastKnownFileType = sourcecode.swift; name = TaoDonHang3ViewController.swift; path = Order/TaoDonHang3ViewController.swift; sourceTree = "<group>"; };
		022D72981F2793A600CC548E /* DeliveryOrderCoordinator.swift */ = {isa = PBXFileReference; fileEncoding = 4; lastKnownFileType = sourcecode.swift; path = DeliveryOrderCoordinator.swift; sourceTree = "<group>"; };
		022D729A1F2793B800CC548E /* DeliveryMainCoordinator.swift */ = {isa = PBXFileReference; fileEncoding = 4; lastKnownFileType = sourcecode.swift; path = DeliveryMainCoordinator.swift; sourceTree = "<group>"; };
		022D729C1F2793D100CC548E /* OrderOrderCoordinator.swift */ = {isa = PBXFileReference; fileEncoding = 4; lastKnownFileType = sourcecode.swift; path = OrderOrderCoordinator.swift; sourceTree = "<group>"; };
		022D729E1F2793DB00CC548E /* OrderMainCoordinator.swift */ = {isa = PBXFileReference; fileEncoding = 4; lastKnownFileType = sourcecode.swift; path = OrderMainCoordinator.swift; sourceTree = "<group>"; };
		022D72A61F279C8900CC548E /* OrderBaoGiaDetailSubViewController.swift */ = {isa = PBXFileReference; fileEncoding = 4; lastKnownFileType = sourcecode.swift; name = OrderBaoGiaDetailSubViewController.swift; path = Order/OrderBaoGiaDetailSubViewController.swift; sourceTree = "<group>"; };
		022D72A81F279EDE00CC548E /* OrderDialogBaoGia1ViewController.swift */ = {isa = PBXFileReference; fileEncoding = 4; lastKnownFileType = sourcecode.swift; name = OrderDialogBaoGia1ViewController.swift; path = Order/OrderDialogBaoGia1ViewController.swift; sourceTree = "<group>"; };
		022D72AA1F279F6500CC548E /* OrderDialogBaoGia2ViewController.swift */ = {isa = PBXFileReference; fileEncoding = 4; lastKnownFileType = sourcecode.swift; name = OrderDialogBaoGia2ViewController.swift; path = Order/OrderDialogBaoGia2ViewController.swift; sourceTree = "<group>"; };
		022D72AC1F279F7100CC548E /* OrderDialogBaoGia3ViewController.swift */ = {isa = PBXFileReference; fileEncoding = 4; lastKnownFileType = sourcecode.swift; name = OrderDialogBaoGia3ViewController.swift; path = Order/OrderDialogBaoGia3ViewController.swift; sourceTree = "<group>"; };
		022D72AE1F279F7C00CC548E /* OrderDialogBaoGia4ViewController.swift */ = {isa = PBXFileReference; fileEncoding = 4; lastKnownFileType = sourcecode.swift; name = OrderDialogBaoGia4ViewController.swift; path = Order/OrderDialogBaoGia4ViewController.swift; sourceTree = "<group>"; };
		022D72B01F27A47B00CC548E /* OrderDialogDangChuyen1ViewController.swift */ = {isa = PBXFileReference; fileEncoding = 4; lastKnownFileType = sourcecode.swift; name = OrderDialogDangChuyen1ViewController.swift; path = Order/OrderDialogDangChuyen1ViewController.swift; sourceTree = "<group>"; };
		022D72B21F27A48500CC548E /* OrderDialogDangChuyen2ViewController.swift */ = {isa = PBXFileReference; fileEncoding = 4; lastKnownFileType = sourcecode.swift; path = OrderDialogDangChuyen2ViewController.swift; sourceTree = "<group>"; };
		022D72B41F27A49300CC548E /* OrderDialogDangChuyen3ViewController.swift */ = {isa = PBXFileReference; fileEncoding = 4; lastKnownFileType = sourcecode.swift; path = OrderDialogDangChuyen3ViewController.swift; sourceTree = "<group>"; };
		022D72B81F27A83200CC548E /* RateDetail.swift */ = {isa = PBXFileReference; fileEncoding = 4; lastKnownFileType = sourcecode.swift; name = RateDetail.swift; path = CustomView/RateDetail.swift; sourceTree = "<group>"; };
		022D72BA1F27A84000CC548E /* RateDetail.xib */ = {isa = PBXFileReference; fileEncoding = 4; lastKnownFileType = file.xib; name = RateDetail.xib; path = CustomView/RateDetail.xib; sourceTree = "<group>"; };
		023056D81F2CE59C00D01ECA /* Extensions.swift */ = {isa = PBXFileReference; fileEncoding = 4; lastKnownFileType = sourcecode.swift; path = Extensions.swift; sourceTree = "<group>"; };
		023B39D01F2B02BD00E53A6D /* BaoGiaDeliveryTableViewCell.swift */ = {isa = PBXFileReference; fileEncoding = 4; lastKnownFileType = sourcecode.swift; name = BaoGiaDeliveryTableViewCell.swift; path = CustomView/BaoGiaDeliveryTableViewCell.swift; sourceTree = "<group>"; };
		023B39D11F2B02BD00E53A6D /* BaoGiaDeliveryTableViewCell.xib */ = {isa = PBXFileReference; fileEncoding = 4; lastKnownFileType = file.xib; name = BaoGiaDeliveryTableViewCell.xib; path = CustomView/BaoGiaDeliveryTableViewCell.xib; sourceTree = "<group>"; };
		023B39D41F2B075400E53A6D /* DeliveryBaoGiaFinalViewController.swift */ = {isa = PBXFileReference; fileEncoding = 4; lastKnownFileType = sourcecode.swift; name = DeliveryBaoGiaFinalViewController.swift; path = Delivery/DeliveryBaoGiaFinalViewController.swift; sourceTree = "<group>"; };
		023B39D71F2B1A7B00E53A6D /* DeliveryDialogBaoGiaViewController.swift */ = {isa = PBXFileReference; fileEncoding = 4; lastKnownFileType = sourcecode.swift; name = DeliveryDialogBaoGiaViewController.swift; path = Delivery/DeliveryDialogBaoGiaViewController.swift; sourceTree = "<group>"; };
		023B39D91F2B266100E53A6D /* HTMLLabel.swift */ = {isa = PBXFileReference; fileEncoding = 4; lastKnownFileType = sourcecode.swift; name = HTMLLabel.swift; path = CustomView/HTMLLabel.swift; sourceTree = "<group>"; };
		023B39DB1F2B43EE00E53A6D /* KhachHangTableViewCell.swift */ = {isa = PBXFileReference; fileEncoding = 4; lastKnownFileType = sourcecode.swift; name = KhachHangTableViewCell.swift; path = CustomView/KhachHangTableViewCell.swift; sourceTree = "<group>"; };
		023B39DC1F2B43EE00E53A6D /* KhachHangTableViewCell.xib */ = {isa = PBXFileReference; fileEncoding = 4; lastKnownFileType = file.xib; name = KhachHangTableViewCell.xib; path = CustomView/KhachHangTableViewCell.xib; sourceTree = "<group>"; };
		023B39DF1F2B4EF200E53A6D /* DeliveryAccountViewController.swift */ = {isa = PBXFileReference; fileEncoding = 4; lastKnownFileType = sourcecode.swift; name = DeliveryAccountViewController.swift; path = Account/DeliveryAccountViewController.swift; sourceTree = "<group>"; };
		023B39E11F2B59BB00E53A6D /* StepperView.swift */ = {isa = PBXFileReference; fileEncoding = 4; lastKnownFileType = sourcecode.swift; name = StepperView.swift; path = CustomView/StepperView.swift; sourceTree = "<group>"; };
		023B39E31F2B59CA00E53A6D /* StepperView.xib */ = {isa = PBXFileReference; fileEncoding = 4; lastKnownFileType = file.xib; name = StepperView.xib; path = CustomView/StepperView.xib; sourceTree = "<group>"; };
		023E30971F2DD3C900D16D04 /* FirebaseAuthHelper.swift */ = {isa = PBXFileReference; fileEncoding = 4; lastKnownFileType = sourcecode.swift; name = FirebaseAuthHelper.swift; path = Helper/FirebaseAuthHelper.swift; sourceTree = "<group>"; };
		023F48851F299C0C00B489D7 /* OrderMain1ViewController.swift */ = {isa = PBXFileReference; fileEncoding = 4; lastKnownFileType = sourcecode.swift; name = OrderMain1ViewController.swift; path = Order/OrderMain1ViewController.swift; sourceTree = "<group>"; };
		0247A0811F203FFF0057455A /* AwesomeButton.swift */ = {isa = PBXFileReference; fileEncoding = 4; lastKnownFileType = sourcecode.swift; path = AwesomeButton.swift; sourceTree = "<group>"; };
		024C6A0F1F3AA01100D31868 /* SocketIOHelper.swift */ = {isa = PBXFileReference; fileEncoding = 4; lastKnownFileType = sourcecode.swift; name = SocketIOHelper.swift; path = Base/SocketIOHelper.swift; sourceTree = "<group>"; };
		02525C3A1F2B793600EBCBA7 /* AwesomeTextField2.swift */ = {isa = PBXFileReference; fileEncoding = 4; lastKnownFileType = sourcecode.swift; name = AwesomeTextField2.swift; path = CustomView/AwesomeTextField2.swift; sourceTree = "<group>"; };
		02525C3D1F2B8AB600EBCBA7 /* ThanhToanModel.swift */ = {isa = PBXFileReference; fileEncoding = 4; lastKnownFileType = sourcecode.swift; path = ThanhToanModel.swift; sourceTree = "<group>"; };
		02525C3F1F2B927900EBCBA7 /* OrderMainOnlineTableViewCell.swift */ = {isa = PBXFileReference; fileEncoding = 4; lastKnownFileType = sourcecode.swift; name = OrderMainOnlineTableViewCell.swift; path = CustomView/OrderMainOnlineTableViewCell.swift; sourceTree = "<group>"; };
		02525C401F2B927900EBCBA7 /* OrderMainOnlineTableViewCell.xib */ = {isa = PBXFileReference; fileEncoding = 4; lastKnownFileType = file.xib; name = OrderMainOnlineTableViewCell.xib; path = CustomView/OrderMainOnlineTableViewCell.xib; sourceTree = "<group>"; };
		02525C451F2B93A200EBCBA7 /* OrderMainHeaderTableViewCell.swift */ = {isa = PBXFileReference; fileEncoding = 4; lastKnownFileType = sourcecode.swift; name = OrderMainHeaderTableViewCell.swift; path = CustomView/OrderMainHeaderTableViewCell.swift; sourceTree = "<group>"; };
		02525C461F2B93A200EBCBA7 /* OrderMainHeaderTableViewCell.xib */ = {isa = PBXFileReference; fileEncoding = 4; lastKnownFileType = file.xib; name = OrderMainHeaderTableViewCell.xib; path = CustomView/OrderMainHeaderTableViewCell.xib; sourceTree = "<group>"; };
		02530E7D1F2C70EC00334345 /* OrderFilterViewController.swift */ = {isa = PBXFileReference; fileEncoding = 4; lastKnownFileType = sourcecode.swift; name = OrderFilterViewController.swift; path = Order/OrderFilterViewController.swift; sourceTree = "<group>"; };
		02530E871F2C83BD00334345 /* DeliveryFilterViewController.swift */ = {isa = PBXFileReference; fileEncoding = 4; lastKnownFileType = sourcecode.swift; name = DeliveryFilterViewController.swift; path = Delivery/DeliveryFilterViewController.swift; sourceTree = "<group>"; };
		02530E891F2C85C900334345 /* Prefs.swift */ = {isa = PBXFileReference; fileEncoding = 4; lastKnownFileType = sourcecode.swift; path = Prefs.swift; sourceTree = "<group>"; };
		02530E8B1F2C864C00334345 /* AppConstant.swift */ = {isa = PBXFileReference; fileEncoding = 4; lastKnownFileType = sourcecode.swift; path = AppConstant.swift; sourceTree = "<group>"; };
		02530E8D1F2C886F00334345 /* ChatCoordinator.swift */ = {isa = PBXFileReference; fileEncoding = 4; lastKnownFileType = sourcecode.swift; path = ChatCoordinator.swift; sourceTree = "<group>"; };
		025860931F3760740012DD49 /* AlemuaResult.swift */ = {isa = PBXFileReference; fileEncoding = 4; lastKnownFileType = sourcecode.swift; path = AlemuaResult.swift; sourceTree = "<group>"; };
		025CC0751F263625003C0883 /* AwesomeToggleViewByHeight.swift */ = {isa = PBXFileReference; fileEncoding = 4; lastKnownFileType = sourcecode.swift; path = AwesomeToggleViewByHeight.swift; sourceTree = "<group>"; };
		025CC0771F263AA8003C0883 /* AwesomeToggleButton.swift */ = {isa = PBXFileReference; fileEncoding = 4; lastKnownFileType = sourcecode.swift; path = AwesomeToggleButton.swift; sourceTree = "<group>"; };
		025CC07B1F2646C0003C0883 /* DeliveryNavTabBarCoordinator.swift */ = {isa = PBXFileReference; fileEncoding = 4; lastKnownFileType = sourcecode.swift; path = DeliveryNavTabBarCoordinator.swift; sourceTree = "<group>"; };
		025CC07D1F26470B003C0883 /* DeliveryNavTabBarViewController.swift */ = {isa = PBXFileReference; fileEncoding = 4; lastKnownFileType = sourcecode.swift; name = DeliveryNavTabBarViewController.swift; path = Delivery/DeliveryNavTabBarViewController.swift; sourceTree = "<group>"; };
		025D3FFC1F23917B00BCD5F7 /* AccountSettingViewController.swift */ = {isa = PBXFileReference; fileEncoding = 4; lastKnownFileType = sourcecode.swift; path = AccountSettingViewController.swift; sourceTree = "<group>"; };
		025D3FFE1F23919500BCD5F7 /* AccountInviteViewController.swift */ = {isa = PBXFileReference; fileEncoding = 4; lastKnownFileType = sourcecode.swift; path = AccountInviteViewController.swift; sourceTree = "<group>"; };
		025D40001F2394EA00BCD5F7 /* DonHangTableViewCell.swift */ = {isa = PBXFileReference; fileEncoding = 4; lastKnownFileType = sourcecode.swift; name = DonHangTableViewCell.swift; path = CustomView/DonHangTableViewCell.swift; sourceTree = "<group>"; };
		025D40011F2394EA00BCD5F7 /* DonHangTableViewCell.xib */ = {isa = PBXFileReference; fileEncoding = 4; lastKnownFileType = file.xib; name = DonHangTableViewCell.xib; path = CustomView/DonHangTableViewCell.xib; sourceTree = "<group>"; };
		025D40041F23A85D00BCD5F7 /* OrderCoordinator.swift */ = {isa = PBXFileReference; fileEncoding = 4; lastKnownFileType = sourcecode.swift; name = OrderCoordinator.swift; path = Order/OrderCoordinator.swift; sourceTree = "<group>"; };
		025D40071F23A9B400BCD5F7 /* DonMuaViewController.swift */ = {isa = PBXFileReference; fileEncoding = 4; lastKnownFileType = sourcecode.swift; name = DonMuaViewController.swift; path = Order/DonMuaViewController.swift; sourceTree = "<group>"; };
		025D40091F23A9C300BCD5F7 /* DonHangViewController.swift */ = {isa = PBXFileReference; fileEncoding = 4; lastKnownFileType = sourcecode.swift; name = DonHangViewController.swift; path = Order/DonHangViewController.swift; sourceTree = "<group>"; };
		025D400B1F23A9DD00BCD5F7 /* DangChuyenViewController.swift */ = {isa = PBXFileReference; fileEncoding = 4; lastKnownFileType = sourcecode.swift; name = DangChuyenViewController.swift; path = Order/DangChuyenViewController.swift; sourceTree = "<group>"; };
		025D400D1F23A9E900BCD5F7 /* DaMuaViewController.swift */ = {isa = PBXFileReference; fileEncoding = 4; lastKnownFileType = sourcecode.swift; name = DaMuaViewController.swift; path = Order/DaMuaViewController.swift; sourceTree = "<group>"; };
		025D40131F23B27A00BCD5F7 /* AwesomeBackBarButton.swift */ = {isa = PBXFileReference; fileEncoding = 4; lastKnownFileType = sourcecode.swift; path = AwesomeBackBarButton.swift; sourceTree = "<group>"; };
		026493B11F485C58000E0FEE /* GoogleService-Info.plist */ = {isa = PBXFileReference; fileEncoding = 4; lastKnownFileType = text.plist.xml; path = "GoogleService-Info.plist"; sourceTree = "<group>"; };
		027262BB1F322EA600D1FB08 /* ModelQuoteResponse.swift */ = {isa = PBXFileReference; fileEncoding = 4; lastKnownFileType = sourcecode.swift; name = ModelQuoteResponse.swift; path = Delivery/ModelQuoteResponse.swift; sourceTree = "<group>"; };
		027B012D1F1E621600D576CE /* Alemua.app */ = {isa = PBXFileReference; explicitFileType = wrapper.application; includeInIndex = 0; path = Alemua.app; sourceTree = BUILT_PRODUCTS_DIR; };
		027B01301F1E621600D576CE /* AppDelegate.swift */ = {isa = PBXFileReference; lastKnownFileType = sourcecode.swift; path = AppDelegate.swift; sourceTree = "<group>"; };
		027B01371F1E621600D576CE /* Assets.xcassets */ = {isa = PBXFileReference; lastKnownFileType = folder.assetcatalog; path = Assets.xcassets; sourceTree = "<group>"; };
		027B013C1F1E621600D576CE /* Info.plist */ = {isa = PBXFileReference; lastKnownFileType = text.plist.xml; path = Info.plist; sourceTree = "<group>"; };
		027B014F1F1EF14A00D576CE /* AppCoordinator.swift */ = {isa = PBXFileReference; fileEncoding = 4; lastKnownFileType = sourcecode.swift; path = AppCoordinator.swift; sourceTree = "<group>"; };
		028AF0E61F35B8CA00387FFC /* ModelDonHangDangChuyenResponse.swift */ = {isa = PBXFileReference; fileEncoding = 4; lastKnownFileType = sourcecode.swift; name = ModelDonHangDangChuyenResponse.swift; path = Order/ModelDonHangDangChuyenResponse.swift; sourceTree = "<group>"; };
		028AF0E81F35BB2100387FFC /* BaseResponse.swift */ = {isa = PBXFileReference; fileEncoding = 4; lastKnownFileType = sourcecode.swift; path = BaseResponse.swift; sourceTree = "<group>"; };
		028AF0EA1F35C3C500387FFC /* PictureHelper.swift */ = {isa = PBXFileReference; fileEncoding = 4; lastKnownFileType = sourcecode.swift; name = PictureHelper.swift; path = Helper/PictureHelper.swift; sourceTree = "<group>"; };
		028AF0EC1F35C7B400387FFC /* ProfileResponse.swift */ = {isa = PBXFileReference; fileEncoding = 4; lastKnownFileType = sourcecode.swift; name = ProfileResponse.swift; path = Account/ProfileResponse.swift; sourceTree = "<group>"; };
		029B090F1F207C990036F01F /* BaseViewModel.swift */ = {isa = PBXFileReference; fileEncoding = 4; lastKnownFileType = sourcecode.swift; path = BaseViewModel.swift; sourceTree = "<group>"; };
		029B09101F207C990036F01F /* TableViewViewController.swift */ = {isa = PBXFileReference; fileEncoding = 4; lastKnownFileType = sourcecode.swift; path = TableViewViewController.swift; sourceTree = "<group>"; };
		02A2AEE31F20E569007EB372 /* SingleOrderViewController.swift */ = {isa = PBXFileReference; fileEncoding = 4; lastKnownFileType = sourcecode.swift; name = SingleOrderViewController.swift; path = Home/SingleOrderViewController.swift; sourceTree = "<group>"; };
		02A2AEE51F20F8A7007EB372 /* AwesomeTableViewController.swift */ = {isa = PBXFileReference; fileEncoding = 4; lastKnownFileType = sourcecode.swift; path = AwesomeTableViewController.swift; sourceTree = "<group>"; };
		02A2AEE91F210108007EB372 /* AwesomeUIView.swift */ = {isa = PBXFileReference; fileEncoding = 4; lastKnownFileType = sourcecode.swift; path = AwesomeUIView.swift; sourceTree = "<group>"; };
		02A2AEEF1F21025D007EB372 /* OrderViewCell.swift */ = {isa = PBXFileReference; fileEncoding = 4; lastKnownFileType = sourcecode.swift; path = OrderViewCell.swift; sourceTree = "<group>"; };
		02A2AEF01F21025D007EB372 /* OrderViewCell.xib */ = {isa = PBXFileReference; fileEncoding = 4; lastKnownFileType = file.xib; path = OrderViewCell.xib; sourceTree = "<group>"; };
		02A647451F3410E4006D66D4 /* RequestsModel.swift */ = {isa = PBXFileReference; fileEncoding = 4; lastKnownFileType = sourcecode.swift; path = RequestsModel.swift; sourceTree = "<group>"; };
		02B340311F4551050027803A /* Repository.swift */ = {isa = PBXFileReference; fileEncoding = 4; lastKnownFileType = sourcecode.swift; path = Repository.swift; sourceTree = "<group>"; };
		02B340331F45547D0027803A /* ChatRepository.swift */ = {isa = PBXFileReference; fileEncoding = 4; lastKnownFileType = sourcecode.swift; path = ChatRepository.swift; sourceTree = "<group>"; };
		02B5EC091F29A1270048B34A /* OrderMain2ViewController.swift */ = {isa = PBXFileReference; fileEncoding = 4; lastKnownFileType = sourcecode.swift; name = OrderMain2ViewController.swift; path = Order/OrderMain2ViewController.swift; sourceTree = "<group>"; };
		02BC24C51F25CAB300C917CD /* DeliveryOrderViewController.swift */ = {isa = PBXFileReference; fileEncoding = 4; lastKnownFileType = sourcecode.swift; name = DeliveryOrderViewController.swift; path = Delivery/DeliveryOrderViewController.swift; sourceTree = "<group>"; };
		02BC24C71F25CB2A00C917CD /* SingleDeliveryViewController.swift */ = {isa = PBXFileReference; fileEncoding = 4; lastKnownFileType = sourcecode.swift; path = SingleDeliveryViewController.swift; sourceTree = "<group>"; };
		02BC24C91F25CB5800C917CD /* DeliveryCoordinator.swift */ = {isa = PBXFileReference; fileEncoding = 4; lastKnownFileType = sourcecode.swift; path = DeliveryCoordinator.swift; sourceTree = "<group>"; };
		02BF72641F224B8A00F1F4BC /* DonHang.storyboard */ = {isa = PBXFileReference; fileEncoding = 4; lastKnownFileType = file.storyboard; path = DonHang.storyboard; sourceTree = "<group>"; };
		02BF72681F23338E00F1F4BC /* OrderMainViewController.swift */ = {isa = PBXFileReference; fileEncoding = 4; lastKnownFileType = sourcecode.swift; name = OrderMainViewController.swift; path = Main/OrderMainViewController.swift; sourceTree = "<group>"; };
		02BF726C1F23449900F1F4BC /* OrderNavTabBarCoordinator.swift */ = {isa = PBXFileReference; fileEncoding = 4; lastKnownFileType = sourcecode.swift; path = OrderNavTabBarCoordinator.swift; sourceTree = "<group>"; };
		02BF72701F23451F00F1F4BC /* OrderNavTabBarViewController.swift */ = {isa = PBXFileReference; fileEncoding = 4; lastKnownFileType = sourcecode.swift; path = OrderNavTabBarViewController.swift; sourceTree = "<group>"; };
		02BF72731F23672000F1F4BC /* OrderOrderViewController.swift */ = {isa = PBXFileReference; fileEncoding = 4; lastKnownFileType = sourcecode.swift; name = OrderOrderViewController.swift; path = Order/OrderOrderViewController.swift; sourceTree = "<group>"; };
		02BF72781F23686100F1F4BC /* AccountViewController.swift */ = {isa = PBXFileReference; fileEncoding = 4; lastKnownFileType = sourcecode.swift; name = AccountViewController.swift; path = Account/AccountViewController.swift; sourceTree = "<group>"; };
		02BF727B1F2368CD00F1F4BC /* NotifyViewController.swift */ = {isa = PBXFileReference; fileEncoding = 4; lastKnownFileType = sourcecode.swift; path = NotifyViewController.swift; sourceTree = "<group>"; };
		02BF727D1F23708100F1F4BC /* AccountCoordinator.swift */ = {isa = PBXFileReference; fileEncoding = 4; lastKnownFileType = sourcecode.swift; path = AccountCoordinator.swift; sourceTree = "<group>"; };
		02BF727F1F23734800F1F4BC /* EditAccountViewController.swift */ = {isa = PBXFileReference; fileEncoding = 4; lastKnownFileType = sourcecode.swift; path = EditAccountViewController.swift; sourceTree = "<group>"; };
		02D1CBFA1F36164000E7666A /* ModelHoanThanhResponse.swift */ = {isa = PBXFileReference; fileEncoding = 4; lastKnownFileType = sourcecode.swift; name = ModelHoanThanhResponse.swift; path = Order/ModelHoanThanhResponse.swift; sourceTree = "<group>"; };
		02D1CBFC1F361F1400E7666A /* ModelDaHuyResponse.swift */ = {isa = PBXFileReference; fileEncoding = 4; lastKnownFileType = sourcecode.swift; name = ModelDaHuyResponse.swift; path = Delivery/ModelDaHuyResponse.swift; sourceTree = "<group>"; };
		02D32B761F30A98D00A8A4B6 /* AwesomeSwitch.swift */ = {isa = PBXFileReference; fileEncoding = 4; lastKnownFileType = sourcecode.swift; path = AwesomeSwitch.swift; sourceTree = "<group>"; };
		02D32B781F30B7A700A8A4B6 /* StrikeThroughLabel.swift */ = {isa = PBXFileReference; fileEncoding = 4; lastKnownFileType = sourcecode.swift; path = StrikeThroughLabel.swift; sourceTree = "<group>"; };
		02D32B7C1F30BD2200A8A4B6 /* AccountKit.framework */ = {isa = PBXFileReference; lastKnownFileType = wrapper.framework; path = AccountKit.framework; sourceTree = "<group>"; };
		02D32B7E1F30BD2700A8A4B6 /* AccountKitStrings.bundle */ = {isa = PBXFileReference; lastKnownFileType = "wrapper.plug-in"; path = AccountKitStrings.bundle; sourceTree = "<group>"; };
		02D32B811F30D3FC00A8A4B6 /* ModelMainOrderResponse.swift */ = {isa = PBXFileReference; fileEncoding = 4; lastKnownFileType = sourcecode.swift; name = ModelMainOrderResponse.swift; path = Order/ModelMainOrderResponse.swift; sourceTree = "<group>"; };
		02D32B851F30E00100A8A4B6 /* ModelMainHomeResponse.swift */ = {isa = PBXFileReference; fileEncoding = 4; lastKnownFileType = sourcecode.swift; name = ModelMainHomeResponse.swift; path = Order/ModelMainHomeResponse.swift; sourceTree = "<group>"; };
		02F1AE8D1F35587000AD4466 /* ResponseModel.swift */ = {isa = PBXFileReference; fileEncoding = 4; lastKnownFileType = sourcecode.swift; path = ResponseModel.swift; sourceTree = "<group>"; };
		02F6E2951F37FF51000C0B83 /* PhotoView.swift */ = {isa = PBXFileReference; fileEncoding = 4; lastKnownFileType = sourcecode.swift; name = PhotoView.swift; path = CustomView/PhotoView.swift; sourceTree = "<group>"; };
		02F775111F1F38E900556BED /* HomeCoordinator.swift */ = {isa = PBXFileReference; fileEncoding = 4; lastKnownFileType = sourcecode.swift; path = HomeCoordinator.swift; sourceTree = "<group>"; };
		02F775121F1F38E900556BED /* HomeViewController.swift */ = {isa = PBXFileReference; fileEncoding = 4; lastKnownFileType = sourcecode.swift; path = HomeViewController.swift; sourceTree = "<group>"; };
		02F775131F1F38E900556BED /* HomeViewModel.swift */ = {isa = PBXFileReference; fileEncoding = 4; lastKnownFileType = sourcecode.swift; path = HomeViewModel.swift; sourceTree = "<group>"; };
		02F7751B1F1F390300556BED /* LoginCoordinator.swift */ = {isa = PBXFileReference; fileEncoding = 4; lastKnownFileType = sourcecode.swift; path = LoginCoordinator.swift; sourceTree = "<group>"; };
		02F7751C1F1F390300556BED /* LoginViewController.swift */ = {isa = PBXFileReference; fileEncoding = 4; lastKnownFileType = sourcecode.swift; path = LoginViewController.swift; sourceTree = "<group>"; };
		02F7751D1F1F390300556BED /* LoginViewModel.swift */ = {isa = PBXFileReference; fileEncoding = 4; lastKnownFileType = sourcecode.swift; path = LoginViewModel.swift; sourceTree = "<group>"; };
		02F7751E1F1F390300556BED /* ProfileViewController.swift */ = {isa = PBXFileReference; fileEncoding = 4; lastKnownFileType = sourcecode.swift; path = ProfileViewController.swift; sourceTree = "<group>"; };
		02F7751F1F1F390300556BED /* SettingViewController.swift */ = {isa = PBXFileReference; fileEncoding = 4; lastKnownFileType = sourcecode.swift; path = SettingViewController.swift; sourceTree = "<group>"; };
		02F775221F1F390300556BED /* AleApi.swift */ = {isa = PBXFileReference; fileEncoding = 4; lastKnownFileType = sourcecode.swift; path = AleApi.swift; sourceTree = "<group>"; };
		02F775231F1F390300556BED /* Token.swift */ = {isa = PBXFileReference; fileEncoding = 4; lastKnownFileType = sourcecode.swift; path = Token.swift; sourceTree = "<group>"; };
		02F775261F1F390300556BED /* LaunchScreen.storyboard */ = {isa = PBXFileReference; fileEncoding = 4; lastKnownFileType = file.storyboard; path = LaunchScreen.storyboard; sourceTree = "<group>"; };
		02F775271F1F390300556BED /* Login.storyboard */ = {isa = PBXFileReference; fileEncoding = 4; lastKnownFileType = file.storyboard; path = Login.storyboard; sourceTree = "<group>"; };
		02F775281F1F390300556BED /* Main.storyboard */ = {isa = PBXFileReference; fileEncoding = 4; lastKnownFileType = file.storyboard; path = Main.storyboard; sourceTree = "<group>"; };
		02F775371F1F3ABD00556BED /* StarView.swift */ = {isa = PBXFileReference; fileEncoding = 4; lastKnownFileType = sourcecode.swift; name = StarView.swift; path = CustomView/StarView.swift; sourceTree = "<group>"; };
		02F775471F1F556100556BED /* ChatViewController.swift */ = {isa = PBXFileReference; fileEncoding = 4; lastKnownFileType = sourcecode.swift; path = ChatViewController.swift; sourceTree = "<group>"; };
		02F775491F1F56BD00556BED /* ConversationViewController.swift */ = {isa = PBXFileReference; fileEncoding = 4; lastKnownFileType = sourcecode.swift; path = ConversationViewController.swift; sourceTree = "<group>"; };
		02F7754F1F1F731500556BED /* ChatWrapperViewController.swift */ = {isa = PBXFileReference; fileEncoding = 4; lastKnownFileType = sourcecode.swift; path = ChatWrapperViewController.swift; sourceTree = "<group>"; };
		02F775531F1FB23100556BED /* InputField.swift */ = {isa = PBXFileReference; fileEncoding = 4; lastKnownFileType = sourcecode.swift; path = InputField.swift; sourceTree = "<group>"; };
		02F775551F1FB46300556BED /* Profile.storyboard */ = {isa = PBXFileReference; fileEncoding = 4; lastKnownFileType = file.storyboard; path = Profile.storyboard; sourceTree = "<group>"; };
		02FDFD2D1F4843A500F3A72B /* LoginByPasswordViewController.swift */ = {isa = PBXFileReference; fileEncoding = 4; lastKnownFileType = sourcecode.swift; path = LoginByPasswordViewController.swift; sourceTree = "<group>"; };
		02FDFD2F1F4856A800F3A72B /* Alemua.entitlements */ = {isa = PBXFileReference; lastKnownFileType = text.plist.entitlements; path = Alemua.entitlements; sourceTree = "<group>"; };
		54291CC0F55F9222FD2AFA2C /* Pods-Alemua.debug.xcconfig */ = {isa = PBXFileReference; includeInIndex = 1; lastKnownFileType = text.xcconfig; name = "Pods-Alemua.debug.xcconfig"; path = "Pods/Target Support Files/Pods-Alemua/Pods-Alemua.debug.xcconfig"; sourceTree = "<group>"; };
		78A47C9815B1D2DF7936B4DA /* ConversationUserResponse.swift */ = {isa = PBXFileReference; fileEncoding = 4; lastKnownFileType = sourcecode.swift; path = ConversationUserResponse.swift; sourceTree = "<group>"; };
		9052E9F90A054DFAA1105007 /* Pods_Alemua.framework */ = {isa = PBXFileReference; explicitFileType = wrapper.framework; includeInIndex = 0; path = Pods_Alemua.framework; sourceTree = BUILT_PRODUCTS_DIR; };
		C6B19EAE6BF40EFE2F52A3FC /* Pods-Alemua.release.xcconfig */ = {isa = PBXFileReference; includeInIndex = 1; lastKnownFileType = text.xcconfig; name = "Pods-Alemua.release.xcconfig"; path = "Pods/Target Support Files/Pods-Alemua/Pods-Alemua.release.xcconfig"; sourceTree = "<group>"; };
/* End PBXFileReference section */

/* Begin PBXFrameworksBuildPhase section */
		027B012A1F1E621600D576CE /* Frameworks */ = {
			isa = PBXFrameworksBuildPhase;
			buildActionMask = 2147483647;
			files = (
				24C5FF5AB26952A9B36F5E70 /* Pods_Alemua.framework in Frameworks */,
				02D32B7D1F30BD2200A8A4B6 /* AccountKit.framework in Frameworks */,
			);
			runOnlyForDeploymentPostprocessing = 0;
		};
/* End PBXFrameworksBuildPhase section */

/* Begin PBXGroup section */
		021B82931F242F8300B757D7 /* DonHangSubView */ = {
			isa = PBXGroup;
			children = (
				021B82941F242FAD00B757D7 /* DonHangSubViewController.swift */,
				021B82961F242FBB00B757D7 /* OrderBaoGiaSubViewController.swift */,
				022D72A61F279C8900CC548E /* OrderBaoGiaDetailSubViewController.swift */,
				022D72A81F279EDE00CC548E /* OrderDialogBaoGia1ViewController.swift */,
				022D72AA1F279F6500CC548E /* OrderDialogBaoGia2ViewController.swift */,
				022D72AC1F279F7100CC548E /* OrderDialogBaoGia3ViewController.swift */,
				022D72AE1F279F7C00CC548E /* OrderDialogBaoGia4ViewController.swift */,
				022D72B01F27A47B00CC548E /* OrderDialogDangChuyen1ViewController.swift */,
				022D72B21F27A48500CC548E /* OrderDialogDangChuyen2ViewController.swift */,
				022D72B41F27A49300CC548E /* OrderDialogDangChuyen3ViewController.swift */,
			);
			name = DonHangSubView;
			sourceTree = "<group>";
		};
		022A8D0D1F28F02A00D69411 /* TaoDonHang */ = {
			isa = PBXGroup;
			children = (
				022A8D0E1F28F04200D69411 /* TaoDonHang1ViewController.swift */,
				022A8D101F28F05000D69411 /* TaoDonHang2ViewController.swift */,
				022A8D121F28F05C00D69411 /* TaoDonHang3ViewController.swift */,
				0222CB311F2964D100B20236 /* TaoDonHangViewController.swift */,
			);
			name = TaoDonHang;
			sourceTree = "<group>";
		};
		022D72941F27934A00CC548E /* Main */ = {
			isa = PBXGroup;
			children = (
				022D72A21F27940500CC548E /* ViewController */,
				022D729A1F2793B800CC548E /* DeliveryMainCoordinator.swift */,
			);
			name = Main;
			sourceTree = "<group>";
		};
		022D72951F27935E00CC548E /* Order */ = {
			isa = PBXGroup;
			children = (
				022D72A01F2793EB00CC548E /* ViewController */,
				022D72981F2793A600CC548E /* DeliveryOrderCoordinator.swift */,
				02530E871F2C83BD00334345 /* DeliveryFilterViewController.swift */,
			);
			name = Order;
			sourceTree = "<group>";
		};
		022D72961F27936700CC548E /* Main */ = {
			isa = PBXGroup;
			children = (
				022D72A31F27940E00CC548E /* ViewController */,
				022D729E1F2793DB00CC548E /* OrderMainCoordinator.swift */,
			);
			name = Main;
			sourceTree = "<group>";
		};
		022D72971F27936B00CC548E /* Order */ = {
			isa = PBXGroup;
			children = (
				022D729C1F2793D100CC548E /* OrderOrderCoordinator.swift */,
				022D72A11F2793FC00CC548E /* ViewController */,
			);
			name = Order;
			sourceTree = "<group>";
		};
		022D72A01F2793EB00CC548E /* ViewController */ = {
			isa = PBXGroup;
			children = (
				023B39D61F2B1A6800E53A6D /* SubViewController */,
				02BC24C51F25CAB300C917CD /* DeliveryOrderViewController.swift */,
				02BC24C71F25CB2A00C917CD /* SingleDeliveryViewController.swift */,
				0223C7F81F2A4210005949C9 /* DeliveryDaHuyViewController.swift */,
				0223C7FA1F2A422A005949C9 /* DeliveryHoanThanhViewController.swift */,
				023B39D41F2B075400E53A6D /* DeliveryBaoGiaFinalViewController.swift */,
			);
			name = ViewController;
			sourceTree = "<group>";
		};
		022D72A11F2793FC00CC548E /* ViewController */ = {
			isa = PBXGroup;
			children = (
				02BF72731F23672000F1F4BC /* OrderOrderViewController.swift */,
				02A2AEE31F20E569007EB372 /* SingleOrderViewController.swift */,
				022A8D0B1F28F02000D69411 /* OrderTaoDonMuaViewController.swift */,
				025D40061F23A99000BCD5F7 /* SubViewController */,
				02530E7D1F2C70EC00334345 /* OrderFilterViewController.swift */,
			);
			name = ViewController;
			sourceTree = "<group>";
		};
		022D72A21F27940500CC548E /* ViewController */ = {
			isa = PBXGroup;
			children = (
				0223C7F61F2A36B0005949C9 /* DeliveryMainViewController.swift */,
			);
			name = ViewController;
			sourceTree = "<group>";
		};
		022D72A31F27940E00CC548E /* ViewController */ = {
			isa = PBXGroup;
			children = (
				02BF72681F23338E00F1F4BC /* OrderMainViewController.swift */,
				023F48851F299C0C00B489D7 /* OrderMain1ViewController.swift */,
				02B5EC091F29A1270048B34A /* OrderMain2ViewController.swift */,
			);
			name = ViewController;
			sourceTree = "<group>";
		};
		023B39D61F2B1A6800E53A6D /* SubViewController */ = {
			isa = PBXGroup;
			children = (
				023B39D71F2B1A7B00E53A6D /* DeliveryDialogBaoGiaViewController.swift */,
			);
			name = SubViewController;
			sourceTree = "<group>";
		};
		023E30961F2DD3AF00D16D04 /* Helper */ = {
			isa = PBXGroup;
			children = (
				023E30971F2DD3C900D16D04 /* FirebaseAuthHelper.swift */,
				028AF0EA1F35C3C500387FFC /* PictureHelper.swift */,
				024C6A0F1F3AA01100D31868 /* SocketIOHelper.swift */,
			);
			name = Helper;
			path = ..;
			sourceTree = "<group>";
		};
		02525C3C1F2B8AA300EBCBA7 /* Model */ = {
			isa = PBXGroup;
			children = (
				02525C3D1F2B8AB600EBCBA7 /* ThanhToanModel.swift */,
				028AF0EC1F35C7B400387FFC /* ProfileResponse.swift */,
			);
			name = Model;
			sourceTree = "<group>";
		};
		025D40061F23A99000BCD5F7 /* SubViewController */ = {
			isa = PBXGroup;
			children = (
				022A8D0D1F28F02A00D69411 /* TaoDonHang */,
				021B82931F242F8300B757D7 /* DonHangSubView */,
				025D400B1F23A9DD00BCD5F7 /* DangChuyenViewController.swift */,
				025D40091F23A9C300BCD5F7 /* DonHangViewController.swift */,
				025D400D1F23A9E900BCD5F7 /* DaMuaViewController.swift */,
				025D40071F23A9B400BCD5F7 /* DonMuaViewController.swift */,
			);
			name = SubViewController;
			sourceTree = "<group>";
		};
		027262BA1F322E8600D1FB08 /* Model */ = {
			isa = PBXGroup;
			children = (
				027262BB1F322EA600D1FB08 /* ModelQuoteResponse.swift */,
				02D1CBFC1F361F1400E7666A /* ModelDaHuyResponse.swift */,
			);
			name = Model;
			sourceTree = "<group>";
		};
		027B01241F1E621600D576CE = {
			isa = PBXGroup;
			children = (
				027B012F1F1E621600D576CE /* Alemua */,
				027B012E1F1E621600D576CE /* Products */,
				549A082178F877DD961E5941 /* Pods */,
				6579724C9699AF5FCCBC9819 /* Frameworks */,
			);
			sourceTree = "<group>";
		};
		027B012E1F1E621600D576CE /* Products */ = {
			isa = PBXGroup;
			children = (
				027B012D1F1E621600D576CE /* Alemua.app */,
			);
			name = Products;
			sourceTree = "<group>";
		};
		027B012F1F1E621600D576CE /* Alemua */ = {
			isa = PBXGroup;
			children = (
				02FDFD2F1F4856A800F3A72B /* Alemua.entitlements */,
				026493B11F485C58000E0FEE /* GoogleService-Info.plist */,
				027B013C1F1E621600D576CE /* Info.plist */,
				027B014F1F1EF14A00D576CE /* AppCoordinator.swift */,
				027B01301F1E621600D576CE /* AppDelegate.swift */,
				027B01371F1E621600D576CE /* Assets.xcassets */,
				02F775211F1F390300556BED /* Service */,
				02BF72771F23683500F1F4BC /* Account */,
				029B090E1F207C990036F01F /* Base */,
				02F775191F1F390300556BED /* Chat */,
				02F775341F1F39BE00556BED /* CustomView */,
				02BC24C41F25C9A500C917CD /* Delivery */,
				02F775101F1F38E900556BED /* Home */,
				02F7751A1F1F390300556BED /* Login */,
				02F775201F1F390300556BED /* Notification */,
				02BF72721F2366DA00F1F4BC /* Order */,
				02F775241F1F390300556BED /* View */,
			);
			path = Alemua;
			sourceTree = "<group>";
		};
		029B090D1F207C5F0036F01F /* Controller */ = {
			isa = PBXGroup;
			children = (
				02F775121F1F38E900556BED /* HomeViewController.swift */,
			);
			name = Controller;
			sourceTree = "<group>";
		};
		029B090E1F207C990036F01F /* Base */ = {
			isa = PBXGroup;
			children = (
				023E30961F2DD3AF00D16D04 /* Helper */,
				029B090F1F207C990036F01F /* BaseViewModel.swift */,
				029B09101F207C990036F01F /* TableViewViewController.swift */,
				02A2AEE51F20F8A7007EB372 /* AwesomeTableViewController.swift */,
				025D40131F23B27A00BCD5F7 /* AwesomeBackBarButton.swift */,
				021B829C1F24576800B757D7 /* AwesomeDialog.swift */,
				021B82A01F247BCC00B757D7 /* AwesomeCloseButton.swift */,
				021B82A21F24894300B757D7 /* AwesomeRadioGroup.swift */,
				021B82A41F2489C600B757D7 /* AwesomeRadioGroupCell.swift */,
				025CC0751F263625003C0883 /* AwesomeToggleViewByHeight.swift */,
				021399621F286B1000BB0642 /* BaseCustomView.swift */,
				025CC0771F263AA8003C0883 /* AwesomeToggleButton.swift */,
				023056D81F2CE59C00D01ECA /* Extensions.swift */,
				02D32B761F30A98D00A8A4B6 /* AwesomeSwitch.swift */,
				02D32B781F30B7A700A8A4B6 /* StrikeThroughLabel.swift */,
				028AF0E81F35BB2100387FFC /* BaseResponse.swift */,
				02B340311F4551050027803A /* Repository.swift */,
			);
			path = Base;
			sourceTree = "<group>";
		};
		02BC24C41F25C9A500C917CD /* Delivery */ = {
			isa = PBXGroup;
			children = (
				027262BA1F322E8600D1FB08 /* Model */,
				02BC24C91F25CB5800C917CD /* DeliveryCoordinator.swift */,
				022D72951F27935E00CC548E /* Order */,
				022D72941F27934A00CC548E /* Main */,
				025CC07B1F2646C0003C0883 /* DeliveryNavTabBarCoordinator.swift */,
				025CC07D1F26470B003C0883 /* DeliveryNavTabBarViewController.swift */,
			);
			name = Delivery;
			sourceTree = "<group>";
		};
		02BF72721F2366DA00F1F4BC /* Order */ = {
			isa = PBXGroup;
			children = (
				022D72961F27936700CC548E /* Main */,
				02D32B801F30D3CD00A8A4B6 /* Model */,
				022D72971F27936B00CC548E /* Order */,
				025D40041F23A85D00BCD5F7 /* OrderCoordinator.swift */,
				02BF726C1F23449900F1F4BC /* OrderNavTabBarCoordinator.swift */,
				02BF72701F23451F00F1F4BC /* OrderNavTabBarViewController.swift */,
			);
			name = Order;
			sourceTree = "<group>";
		};
		02BF72771F23683500F1F4BC /* Account */ = {
			isa = PBXGroup;
			children = (
				02BF727D1F23708100F1F4BC /* AccountCoordinator.swift */,
				025D3FFE1F23919500BCD5F7 /* AccountInviteViewController.swift */,
				025D3FFC1F23917B00BCD5F7 /* AccountSettingViewController.swift */,
				02BF72781F23686100F1F4BC /* AccountViewController.swift */,
				0218D7561F35DE6E008C8F6D /* DanhSachKHViewController.swift */,
				023B39DF1F2B4EF200E53A6D /* DeliveryAccountViewController.swift */,
				02BF727F1F23734800F1F4BC /* EditAccountViewController.swift */,
				02525C3C1F2B8AA300EBCBA7 /* Model */,
				0223C7FC1F2A44A1005949C9 /* ThanhToanViewController.swift */,
			);
			name = Account;
			sourceTree = "<group>";
		};
		02D32B801F30D3CD00A8A4B6 /* Model */ = {
			isa = PBXGroup;
			children = (
				02D32B811F30D3FC00A8A4B6 /* ModelMainOrderResponse.swift */,
				02D32B851F30E00100A8A4B6 /* ModelMainHomeResponse.swift */,
				021B6EB21F3370FE00DF5CD6 /* ModelOrderClientResponse.swift */,
				028AF0E61F35B8CA00387FFC /* ModelDonHangDangChuyenResponse.swift */,
				02D1CBFA1F36164000E7666A /* ModelHoanThanhResponse.swift */,
			);
			name = Model;
			sourceTree = "<group>";
		};
		02F775101F1F38E900556BED /* Home */ = {
			isa = PBXGroup;
			children = (
				029B090D1F207C5F0036F01F /* Controller */,
				02F775111F1F38E900556BED /* HomeCoordinator.swift */,
				02F775131F1F38E900556BED /* HomeViewModel.swift */,
				02530E891F2C85C900334345 /* Prefs.swift */,
				02530E8B1F2C864C00334345 /* AppConstant.swift */,
			);
			path = Home;
			sourceTree = "<group>";
		};
		02F775191F1F390300556BED /* Chat */ = {
			isa = PBXGroup;
			children = (
				02530E8D1F2C886F00334345 /* ChatCoordinator.swift */,
				02F775471F1F556100556BED /* ChatViewController.swift */,
				02F775491F1F56BD00556BED /* ConversationViewController.swift */,
				02F7754F1F1F731500556BED /* ChatWrapperViewController.swift */,
				78A47C9815B1D2DF7936B4DA /* ConversationUserResponse.swift */,
				02B340331F45547D0027803A /* ChatRepository.swift */,
			);
			path = Chat;
			sourceTree = "<group>";
		};
		02F7751A1F1F390300556BED /* Login */ = {
			isa = PBXGroup;
			children = (
				02F7751B1F1F390300556BED /* LoginCoordinator.swift */,
				02F7751C1F1F390300556BED /* LoginViewController.swift */,
				02F7751D1F1F390300556BED /* LoginViewModel.swift */,
				02F7751E1F1F390300556BED /* ProfileViewController.swift */,
				02F7751F1F1F390300556BED /* SettingViewController.swift */,
				02FDFD2D1F4843A500F3A72B /* LoginByPasswordViewController.swift */,
			);
			path = Login;
			sourceTree = "<group>";
		};
		02F775201F1F390300556BED /* Notification */ = {
			isa = PBXGroup;
			children = (
				02BF727B1F2368CD00F1F4BC /* NotifyViewController.swift */,
			);
			path = Notification;
			sourceTree = "<group>";
		};
		02F775211F1F390300556BED /* Service */ = {
			isa = PBXGroup;
			children = (
				02F775221F1F390300556BED /* AleApi.swift */,
				02F775231F1F390300556BED /* Token.swift */,
				02A647451F3410E4006D66D4 /* RequestsModel.swift */,
				02F1AE8D1F35587000AD4466 /* ResponseModel.swift */,
				025860931F3760740012DD49 /* AlemuaResult.swift */,
			);
			path = Service;
			sourceTree = "<group>";
		};
		02F775241F1F390300556BED /* View */ = {
			isa = PBXGroup;
			children = (
				02F775261F1F390300556BED /* LaunchScreen.storyboard */,
				02F775271F1F390300556BED /* Login.storyboard */,
				02F775281F1F390300556BED /* Main.storyboard */,
				02F775551F1FB46300556BED /* Profile.storyboard */,
				02BF72641F224B8A00F1F4BC /* DonHang.storyboard */,
			);
			path = View;
			sourceTree = "<group>";
		};
		02F775341F1F39BE00556BED /* CustomView */ = {
			isa = PBXGroup;
			children = (
				02F775371F1F3ABD00556BED /* StarView.swift */,
				02F775531F1FB23100556BED /* InputField.swift */,
				0247A0811F203FFF0057455A /* AwesomeButton.swift */,
				02A2AEE91F210108007EB372 /* AwesomeUIView.swift */,
				02A2AEEF1F21025D007EB372 /* OrderViewCell.swift */,
				02A2AEF01F21025D007EB372 /* OrderViewCell.xib */,
				025D40001F2394EA00BCD5F7 /* DonHangTableViewCell.swift */,
				025D40011F2394EA00BCD5F7 /* DonHangTableViewCell.xib */,
				021B828F1F241F8100B757D7 /* BaoGiaTableViewCell.swift */,
				021B82901F241F8100B757D7 /* BaoGiaTableViewCell.xib */,
				021B82981F24503200B757D7 /* NotifyTableViewCell.swift */,
				021B82991F24503200B757D7 /* NotifyTableViewCell.xib */,
				021B82A81F24E98600B757D7 /* DeliveryTableViewCell.swift */,
				021B82A91F24E98600B757D7 /* DeliveryTableViewCell.xib */,
				021B82AC1F24F0C500B757D7 /* ConversationTableViewCell.swift */,
				021B82AD1F24F0C500B757D7 /* ConversationTableViewCell.xib */,
				022D72B81F27A83200CC548E /* RateDetail.swift */,
				022D72BA1F27A84000CC548E /* RateDetail.xib */,
				0213995E1F286ABB00BB0642 /* ItemView.swift */,
				021399601F286AC700BB0642 /* ItemView.xib */,
				0223C7EA1F29B9E0005949C9 /* ReviewView.swift */,
				0223C7EC1F29B9F1005949C9 /* ReviewView.xib */,
				0223C7EE1F2A1516005949C9 /* UserView.swift */,
				0223C7F01F2A1526005949C9 /* UserView.xib */,
				0223C7F21F2A2361005949C9 /* DanhGiaView.swift */,
				0223C7F41F2A236E005949C9 /* DanhGiaView.xib */,
				023B39D01F2B02BD00E53A6D /* BaoGiaDeliveryTableViewCell.swift */,
				023B39D11F2B02BD00E53A6D /* BaoGiaDeliveryTableViewCell.xib */,
				023B39D91F2B266100E53A6D /* HTMLLabel.swift */,
				023B39DB1F2B43EE00E53A6D /* KhachHangTableViewCell.swift */,
				023B39DC1F2B43EE00E53A6D /* KhachHangTableViewCell.xib */,
				023B39E11F2B59BB00E53A6D /* StepperView.swift */,
				023B39E31F2B59CA00E53A6D /* StepperView.xib */,
				02525C3A1F2B793600EBCBA7 /* AwesomeTextField2.swift */,
				02525C3F1F2B927900EBCBA7 /* OrderMainOnlineTableViewCell.swift */,
				02525C401F2B927900EBCBA7 /* OrderMainOnlineTableViewCell.xib */,
				02525C451F2B93A200EBCBA7 /* OrderMainHeaderTableViewCell.swift */,
				02525C461F2B93A200EBCBA7 /* OrderMainHeaderTableViewCell.xib */,
				02F6E2951F37FF51000C0B83 /* PhotoView.swift */,
				02144A721F38AACF00187481 /* DanhGiaTableViewCell.swift */,
				02144A731F38AACF00187481 /* DanhGiaTableViewCell.xib */,
			);
			name = CustomView;
			sourceTree = "<group>";
		};
		549A082178F877DD961E5941 /* Pods */ = {
			isa = PBXGroup;
			children = (
				54291CC0F55F9222FD2AFA2C /* Pods-Alemua.debug.xcconfig */,
				C6B19EAE6BF40EFE2F52A3FC /* Pods-Alemua.release.xcconfig */,
			);
			name = Pods;
			sourceTree = "<group>";
		};
		6579724C9699AF5FCCBC9819 /* Frameworks */ = {
			isa = PBXGroup;
			children = (
				02D32B7E1F30BD2700A8A4B6 /* AccountKitStrings.bundle */,
				02D32B7C1F30BD2200A8A4B6 /* AccountKit.framework */,
				9052E9F90A054DFAA1105007 /* Pods_Alemua.framework */,
			);
			name = Frameworks;
			sourceTree = "<group>";
		};
/* End PBXGroup section */

/* Begin PBXNativeTarget section */
		027B012C1F1E621600D576CE /* Alemua */ = {
			isa = PBXNativeTarget;
			buildConfigurationList = 027B013F1F1E621600D576CE /* Build configuration list for PBXNativeTarget "Alemua" */;
			buildPhases = (
				FFA4B32E56531994B914B362 /* [CP] Check Pods Manifest.lock */,
				027B01291F1E621600D576CE /* Sources */,
				027B012A1F1E621600D576CE /* Frameworks */,
				027B012B1F1E621600D576CE /* Resources */,
				33150858B2302E03C0D235B9 /* [CP] Embed Pods Frameworks */,
				9648A185A5751FEAAE258E76 /* [CP] Copy Pods Resources */,
			);
			buildRules = (
			);
			dependencies = (
			);
			name = Alemua;
			productName = Alemua;
			productReference = 027B012D1F1E621600D576CE /* Alemua.app */;
			productType = "com.apple.product-type.application";
		};
/* End PBXNativeTarget section */

/* Begin PBXProject section */
		027B01251F1E621600D576CE /* Project object */ = {
			isa = PBXProject;
			attributes = {
				LastSwiftUpdateCheck = 0830;
				LastUpgradeCheck = 0830;
				ORGANIZATIONNAME = cong;
				TargetAttributes = {
					027B012C1F1E621600D576CE = {
						CreatedOnToolsVersion = 8.3.2;
						DevelopmentTeam = 5S42UFKL84;
						ProvisioningStyle = Automatic;
						SystemCapabilities = {
							com.apple.Push = {
								enabled = 1;
							};
						};
					};
				};
			};
			buildConfigurationList = 027B01281F1E621600D576CE /* Build configuration list for PBXProject "Alemua" */;
			compatibilityVersion = "Xcode 3.2";
			developmentRegion = English;
			hasScannedForEncodings = 0;
			knownRegions = (
				en,
				Base,
			);
			mainGroup = 027B01241F1E621600D576CE;
			productRefGroup = 027B012E1F1E621600D576CE /* Products */;
			projectDirPath = "";
			projectRoot = "";
			targets = (
				027B012C1F1E621600D576CE /* Alemua */,
			);
		};
/* End PBXProject section */

/* Begin PBXResourcesBuildPhase section */
		027B012B1F1E621600D576CE /* Resources */ = {
			isa = PBXResourcesBuildPhase;
			buildActionMask = 2147483647;
			files = (
				021B82AF1F24F0C500B757D7 /* ConversationTableViewCell.xib in Resources */,
				0223C7F51F2A236E005949C9 /* DanhGiaView.xib in Resources */,
				02BF72651F224B8A00F1F4BC /* DonHang.storyboard in Resources */,
				02F775321F1F390300556BED /* Login.storyboard in Resources */,
				021B82AB1F24E98600B757D7 /* DeliveryTableViewCell.xib in Resources */,
				02F775331F1F390300556BED /* Main.storyboard in Resources */,
				023B39D31F2B02BD00E53A6D /* BaoGiaDeliveryTableViewCell.xib in Resources */,
				021B82921F241F8100B757D7 /* BaoGiaTableViewCell.xib in Resources */,
				0223C7ED1F29B9F1005949C9 /* ReviewView.xib in Resources */,
				026493B21F485C58000E0FEE /* GoogleService-Info.plist in Resources */,
				0223C7F11F2A1526005949C9 /* UserView.xib in Resources */,
				025D40031F2394EA00BCD5F7 /* DonHangTableViewCell.xib in Resources */,
				02F775311F1F390300556BED /* LaunchScreen.storyboard in Resources */,
				021B829B1F24503200B757D7 /* NotifyTableViewCell.xib in Resources */,
				02A2AEF21F21025D007EB372 /* OrderViewCell.xib in Resources */,
				023B39E41F2B59CA00E53A6D /* StepperView.xib in Resources */,
				02D32B7F1F30BD2700A8A4B6 /* AccountKitStrings.bundle in Resources */,
				02144A751F38AACF00187481 /* DanhGiaTableViewCell.xib in Resources */,
				02F775561F1FB46300556BED /* Profile.storyboard in Resources */,
				023B39DE1F2B43EE00E53A6D /* KhachHangTableViewCell.xib in Resources */,
				021399611F286AC700BB0642 /* ItemView.xib in Resources */,
				02525C421F2B927900EBCBA7 /* OrderMainOnlineTableViewCell.xib in Resources */,
				022D72BB1F27A84000CC548E /* RateDetail.xib in Resources */,
				02525C481F2B93A200EBCBA7 /* OrderMainHeaderTableViewCell.xib in Resources */,
				027B01381F1E621600D576CE /* Assets.xcassets in Resources */,
			);
			runOnlyForDeploymentPostprocessing = 0;
		};
/* End PBXResourcesBuildPhase section */

/* Begin PBXShellScriptBuildPhase section */
		33150858B2302E03C0D235B9 /* [CP] Embed Pods Frameworks */ = {
			isa = PBXShellScriptBuildPhase;
			buildActionMask = 2147483647;
			files = (
			);
			inputPaths = (
			);
			name = "[CP] Embed Pods Frameworks";
			outputPaths = (
			);
			runOnlyForDeploymentPostprocessing = 0;
			shellPath = /bin/sh;
			shellScript = "\"${SRCROOT}/Pods/Target Support Files/Pods-Alemua/Pods-Alemua-frameworks.sh\"\n";
			showEnvVarsInLog = 0;
		};
		9648A185A5751FEAAE258E76 /* [CP] Copy Pods Resources */ = {
			isa = PBXShellScriptBuildPhase;
			buildActionMask = 2147483647;
			files = (
			);
			inputPaths = (
			);
			name = "[CP] Copy Pods Resources";
			outputPaths = (
			);
			runOnlyForDeploymentPostprocessing = 0;
			shellPath = /bin/sh;
			shellScript = "\"${SRCROOT}/Pods/Target Support Files/Pods-Alemua/Pods-Alemua-resources.sh\"\n";
			showEnvVarsInLog = 0;
		};
		FFA4B32E56531994B914B362 /* [CP] Check Pods Manifest.lock */ = {
			isa = PBXShellScriptBuildPhase;
			buildActionMask = 2147483647;
			files = (
			);
			inputPaths = (
			);
			name = "[CP] Check Pods Manifest.lock";
			outputPaths = (
			);
			runOnlyForDeploymentPostprocessing = 0;
			shellPath = /bin/sh;
			shellScript = "diff \"${PODS_PODFILE_DIR_PATH}/Podfile.lock\" \"${PODS_ROOT}/Manifest.lock\" > /dev/null\nif [ $? != 0 ] ; then\n    # print error to STDERR\n    echo \"error: The sandbox is not in sync with the Podfile.lock. Run 'pod install' or update your CocoaPods installation.\" >&2\n    exit 1\nfi\n";
			showEnvVarsInLog = 0;
		};
/* End PBXShellScriptBuildPhase section */

/* Begin PBXSourcesBuildPhase section */
		027B01291F1E621600D576CE /* Sources */ = {
			isa = PBXSourcesBuildPhase;
			buildActionMask = 2147483647;
			files = (
				023B39D21F2B02BD00E53A6D /* BaoGiaDeliveryTableViewCell.swift in Sources */,
				025CC0761F263625003C0883 /* AwesomeToggleViewByHeight.swift in Sources */,
				021B82AA1F24E98600B757D7 /* DeliveryTableViewCell.swift in Sources */,
				025D400A1F23A9C300BCD5F7 /* DonHangViewController.swift in Sources */,
				0223C7EF1F2A1516005949C9 /* UserView.swift in Sources */,
				02A2AEEA1F210108007EB372 /* AwesomeUIView.swift in Sources */,
				02BF72791F23686100F1F4BC /* AccountViewController.swift in Sources */,
				02530E881F2C83BD00334345 /* DeliveryFilterViewController.swift in Sources */,
				02F7752D1F1F390300556BED /* SettingViewController.swift in Sources */,
				0223C7EB1F29B9E0005949C9 /* ReviewView.swift in Sources */,
				02F775501F1F731500556BED /* ChatWrapperViewController.swift in Sources */,
				028AF0E91F35BB2100387FFC /* BaseResponse.swift in Sources */,
				022D72B11F27A47B00CC548E /* OrderDialogDangChuyen1ViewController.swift in Sources */,
				023E30981F2DD3CA00D16D04 /* FirebaseAuthHelper.swift in Sources */,
				023B39D81F2B1A7B00E53A6D /* DeliveryDialogBaoGiaViewController.swift in Sources */,
				02D1CBFB1F36164000E7666A /* ModelHoanThanhResponse.swift in Sources */,
				022D729F1F2793DB00CC548E /* OrderMainCoordinator.swift in Sources */,
				021B829D1F24576800B757D7 /* AwesomeDialog.swift in Sources */,
				0247A0821F203FFF0057455A /* AwesomeButton.swift in Sources */,
				02530E7E1F2C70EC00334345 /* OrderFilterViewController.swift in Sources */,
				025D40051F23A85D00BCD5F7 /* OrderCoordinator.swift in Sources */,
				025CC07C1F2646C0003C0883 /* DeliveryNavTabBarCoordinator.swift in Sources */,
				021B6EB31F3370FE00DF5CD6 /* ModelOrderClientResponse.swift in Sources */,
				027B01501F1EF14A00D576CE /* AppCoordinator.swift in Sources */,
				023B39E01F2B4EF200E53A6D /* DeliveryAccountViewController.swift in Sources */,
				022D72AD1F279F7100CC548E /* OrderDialogBaoGia3ViewController.swift in Sources */,
				0222CB321F2964D100B20236 /* TaoDonHangViewController.swift in Sources */,
				02F7752C1F1F390300556BED /* ProfileViewController.swift in Sources */,
				02D32B791F30B7A700A8A4B6 /* StrikeThroughLabel.swift in Sources */,
				02F6E2961F37FF51000C0B83 /* PhotoView.swift in Sources */,
				025CC0781F263AA8003C0883 /* AwesomeToggleButton.swift in Sources */,
				0223C7F91F2A4210005949C9 /* DeliveryDaHuyViewController.swift in Sources */,
				02A647461F3410E4006D66D4 /* RequestsModel.swift in Sources */,
				0223C7F71F2A36B0005949C9 /* DeliveryMainViewController.swift in Sources */,
				023B39E21F2B59BB00E53A6D /* StepperView.swift in Sources */,
				02B340321F4551050027803A /* Repository.swift in Sources */,
				02F775291F1F390300556BED /* LoginCoordinator.swift in Sources */,
				02F775541F1FB23100556BED /* InputField.swift in Sources */,
				0223C7F31F2A2361005949C9 /* DanhGiaView.swift in Sources */,
				02525C3B1F2B793600EBCBA7 /* AwesomeTextField2.swift in Sources */,
				025D40021F2394EA00BCD5F7 /* DonHangTableViewCell.swift in Sources */,
				021B82911F241F8100B757D7 /* BaoGiaTableViewCell.swift in Sources */,
				02530E8C1F2C864C00334345 /* AppConstant.swift in Sources */,
				022A8D111F28F05000D69411 /* TaoDonHang2ViewController.swift in Sources */,
				025D3FFD1F23917B00BCD5F7 /* AccountSettingViewController.swift in Sources */,
				0213995F1F286ABB00BB0642 /* ItemView.swift in Sources */,
				027B01311F1E621600D576CE /* AppDelegate.swift in Sources */,
				022A8D0C1F28F02000D69411 /* OrderTaoDonMuaViewController.swift in Sources */,
				021B82A11F247BCC00B757D7 /* AwesomeCloseButton.swift in Sources */,
				02BF727E1F23708100F1F4BC /* AccountCoordinator.swift in Sources */,
				028AF0ED1F35C7B400387FFC /* ProfileResponse.swift in Sources */,
				02F7752A1F1F390300556BED /* LoginViewController.swift in Sources */,
				02F7752E1F1F390300556BED /* AleApi.swift in Sources */,
				02F775151F1F38E900556BED /* HomeCoordinator.swift in Sources */,
				02BF72801F23734800F1F4BC /* EditAccountViewController.swift in Sources */,
				02B340341F45547D0027803A /* ChatRepository.swift in Sources */,
				02530E8E1F2C886F00334345 /* ChatCoordinator.swift in Sources */,
				02BF727C1F2368CD00F1F4BC /* NotifyViewController.swift in Sources */,
				02525C3E1F2B8AB600EBCBA7 /* ThanhToanModel.swift in Sources */,
				028AF0EB1F35C3C500387FFC /* PictureHelper.swift in Sources */,
				02525C471F2B93A200EBCBA7 /* OrderMainHeaderTableViewCell.swift in Sources */,
				02D32B821F30D3FC00A8A4B6 /* ModelMainOrderResponse.swift in Sources */,
				02BC24C81F25CB2A00C917CD /* SingleDeliveryViewController.swift in Sources */,
				022A8D131F28F05C00D69411 /* TaoDonHang3ViewController.swift in Sources */,
				022D72A71F279C8900CC548E /* OrderBaoGiaDetailSubViewController.swift in Sources */,
				021B82AE1F24F0C500B757D7 /* ConversationTableViewCell.swift in Sources */,
				02BF72741F23672000F1F4BC /* OrderOrderViewController.swift in Sources */,
				02F775171F1F38E900556BED /* HomeViewModel.swift in Sources */,
				02BF72691F23338E00F1F4BC /* OrderMainViewController.swift in Sources */,
				02F7754A1F1F56BD00556BED /* ConversationViewController.swift in Sources */,
				02F775161F1F38E900556BED /* HomeViewController.swift in Sources */,
				022D72991F2793A600CC548E /* DeliveryOrderCoordinator.swift in Sources */,
				02D32B771F30A98D00A8A4B6 /* AwesomeSwitch.swift in Sources */,
				025D400C1F23A9DD00BCD5F7 /* DangChuyenViewController.swift in Sources */,
				023B39D51F2B075400E53A6D /* DeliveryBaoGiaFinalViewController.swift in Sources */,
				025D3FFF1F23919500BCD5F7 /* AccountInviteViewController.swift in Sources */,
				025CC07E1F26470B003C0883 /* DeliveryNavTabBarViewController.swift in Sources */,
				021399631F286B1000BB0642 /* BaseCustomView.swift in Sources */,
				02A2AEF11F21025D007EB372 /* OrderViewCell.swift in Sources */,
				023B39DD1F2B43EE00E53A6D /* KhachHangTableViewCell.swift in Sources */,
				021B829A1F24503200B757D7 /* NotifyTableViewCell.swift in Sources */,
				02B5EC0A1F29A1270048B34A /* OrderMain2ViewController.swift in Sources */,
				025D400E1F23A9E900BCD5F7 /* DaMuaViewController.swift in Sources */,
				02F7752F1F1F390300556BED /* Token.swift in Sources */,
				029B09111F207C990036F01F /* BaseViewModel.swift in Sources */,
				021B82A31F24894300B757D7 /* AwesomeRadioGroup.swift in Sources */,
				029B09121F207C990036F01F /* TableViewViewController.swift in Sources */,
				02D32B861F30E00100A8A4B6 /* ModelMainHomeResponse.swift in Sources */,
				022D72B91F27A83200CC548E /* RateDetail.swift in Sources */,
				025D40081F23A9B400BCD5F7 /* DonMuaViewController.swift in Sources */,
				023F48861F299C0C00B489D7 /* OrderMain1ViewController.swift in Sources */,
				02A2AEE41F20E569007EB372 /* SingleOrderViewController.swift in Sources */,
				022D729D1F2793D100CC548E /* OrderOrderCoordinator.swift in Sources */,
				02BC24CA1F25CB5800C917CD /* DeliveryCoordinator.swift in Sources */,
				022D72B51F27A49300CC548E /* OrderDialogDangChuyen3ViewController.swift in Sources */,
				027262BC1F322EA600D1FB08 /* ModelQuoteResponse.swift in Sources */,
				02BF726D1F23449900F1F4BC /* OrderNavTabBarCoordinator.swift in Sources */,
				022D72AB1F279F6500CC548E /* OrderDialogBaoGia2ViewController.swift in Sources */,
				025D40141F23B27A00BCD5F7 /* AwesomeBackBarButton.swift in Sources */,
				023B39DA1F2B266100E53A6D /* HTMLLabel.swift in Sources */,
				02FDFD2E1F4843A500F3A72B /* LoginByPasswordViewController.swift in Sources */,
				028AF0E71F35B8CA00387FFC /* ModelDonHangDangChuyenResponse.swift in Sources */,
				02F1AE8E1F35587000AD4466 /* ResponseModel.swift in Sources */,
				022D729B1F2793B800CC548E /* DeliveryMainCoordinator.swift in Sources */,
				022D72B31F27A48500CC548E /* OrderDialogDangChuyen2ViewController.swift in Sources */,
				0223C7FB1F2A422A005949C9 /* DeliveryHoanThanhViewController.swift in Sources */,
				0218D7571F35DE6E008C8F6D /* DanhSachKHViewController.swift in Sources */,
				02F775381F1F3ABD00556BED /* StarView.swift in Sources */,
				0223C7FD1F2A44A1005949C9 /* ThanhToanViewController.swift in Sources */,
				022A8D0F1F28F04200D69411 /* TaoDonHang1ViewController.swift in Sources */,
				022D72A91F279EDE00CC548E /* OrderDialogBaoGia1ViewController.swift in Sources */,
				021B82951F242FAD00B757D7 /* DonHangSubViewController.swift in Sources */,
				02F775481F1F556100556BED /* ChatViewController.swift in Sources */,
				021B82A51F2489C600B757D7 /* AwesomeRadioGroupCell.swift in Sources */,
				025860941F3760740012DD49 /* AlemuaResult.swift in Sources */,
				02144A741F38AACF00187481 /* DanhGiaTableViewCell.swift in Sources */,
				02D1CBFD1F361F1400E7666A /* ModelDaHuyResponse.swift in Sources */,
				021B82971F242FBB00B757D7 /* OrderBaoGiaSubViewController.swift in Sources */,
				022D72AF1F279F7C00CC548E /* OrderDialogBaoGia4ViewController.swift in Sources */,
				02530E8A1F2C85C900334345 /* Prefs.swift in Sources */,
				024C6A101F3AA01100D31868 /* SocketIOHelper.swift in Sources */,
				02A2AEE61F20F8A7007EB372 /* AwesomeTableViewController.swift in Sources */,
				023056D91F2CE59C00D01ECA /* Extensions.swift in Sources */,
				02525C411F2B927900EBCBA7 /* OrderMainOnlineTableViewCell.swift in Sources */,
				02BC24C61F25CAB300C917CD /* DeliveryOrderViewController.swift in Sources */,
				02F7752B1F1F390300556BED /* LoginViewModel.swift in Sources */,
				02BF72711F23451F00F1F4BC /* OrderNavTabBarViewController.swift in Sources */,
				78A47DC6789735EDFE8C79F6 /* ConversationUserResponse.swift in Sources */,
			);
			runOnlyForDeploymentPostprocessing = 0;
		};
/* End PBXSourcesBuildPhase section */

/* Begin XCBuildConfiguration section */
		027B013D1F1E621600D576CE /* Debug */ = {
			isa = XCBuildConfiguration;
			buildSettings = {
				ALWAYS_SEARCH_USER_PATHS = NO;
				CLANG_ANALYZER_NONNULL = YES;
				CLANG_ANALYZER_NUMBER_OBJECT_CONVERSION = YES_AGGRESSIVE;
				CLANG_CXX_LANGUAGE_STANDARD = "gnu++0x";
				CLANG_CXX_LIBRARY = "libc++";
				CLANG_ENABLE_MODULES = YES;
				CLANG_ENABLE_OBJC_ARC = YES;
				CLANG_WARN_BOOL_CONVERSION = YES;
				CLANG_WARN_CONSTANT_CONVERSION = YES;
				CLANG_WARN_DIRECT_OBJC_ISA_USAGE = YES_ERROR;
				CLANG_WARN_DOCUMENTATION_COMMENTS = YES;
				CLANG_WARN_EMPTY_BODY = YES;
				CLANG_WARN_ENUM_CONVERSION = YES;
				CLANG_WARN_INFINITE_RECURSION = YES;
				CLANG_WARN_INT_CONVERSION = YES;
				CLANG_WARN_OBJC_ROOT_CLASS = YES_ERROR;
				CLANG_WARN_SUSPICIOUS_MOVE = YES;
				CLANG_WARN_UNREACHABLE_CODE = YES;
				CLANG_WARN__DUPLICATE_METHOD_MATCH = YES;
				"CODE_SIGN_IDENTITY[sdk=iphoneos*]" = "iPhone Developer";
				COPY_PHASE_STRIP = NO;
				DEBUG_INFORMATION_FORMAT = dwarf;
				ENABLE_STRICT_OBJC_MSGSEND = YES;
				ENABLE_TESTABILITY = YES;
				GCC_C_LANGUAGE_STANDARD = gnu99;
				GCC_DYNAMIC_NO_PIC = NO;
				GCC_NO_COMMON_BLOCKS = YES;
				GCC_OPTIMIZATION_LEVEL = 0;
				GCC_PREPROCESSOR_DEFINITIONS = (
					"DEBUG=1",
					"$(inherited)",
				);
				GCC_WARN_64_TO_32_BIT_CONVERSION = YES;
				GCC_WARN_ABOUT_RETURN_TYPE = YES_ERROR;
				GCC_WARN_UNDECLARED_SELECTOR = YES;
				GCC_WARN_UNINITIALIZED_AUTOS = YES_AGGRESSIVE;
				GCC_WARN_UNUSED_FUNCTION = YES;
				GCC_WARN_UNUSED_VARIABLE = YES;
				IPHONEOS_DEPLOYMENT_TARGET = 10.3;
				MTL_ENABLE_DEBUG_INFO = YES;
				ONLY_ACTIVE_ARCH = YES;
				SDKROOT = iphoneos;
				SWIFT_ACTIVE_COMPILATION_CONDITIONS = DEBUG;
				SWIFT_OPTIMIZATION_LEVEL = "-Onone";
				TARGETED_DEVICE_FAMILY = "1,2";
			};
			name = Debug;
		};
		027B013E1F1E621600D576CE /* Release */ = {
			isa = XCBuildConfiguration;
			buildSettings = {
				ALWAYS_SEARCH_USER_PATHS = NO;
				CLANG_ANALYZER_NONNULL = YES;
				CLANG_ANALYZER_NUMBER_OBJECT_CONVERSION = YES_AGGRESSIVE;
				CLANG_CXX_LANGUAGE_STANDARD = "gnu++0x";
				CLANG_CXX_LIBRARY = "libc++";
				CLANG_ENABLE_MODULES = YES;
				CLANG_ENABLE_OBJC_ARC = YES;
				CLANG_WARN_BOOL_CONVERSION = YES;
				CLANG_WARN_CONSTANT_CONVERSION = YES;
				CLANG_WARN_DIRECT_OBJC_ISA_USAGE = YES_ERROR;
				CLANG_WARN_DOCUMENTATION_COMMENTS = YES;
				CLANG_WARN_EMPTY_BODY = YES;
				CLANG_WARN_ENUM_CONVERSION = YES;
				CLANG_WARN_INFINITE_RECURSION = YES;
				CLANG_WARN_INT_CONVERSION = YES;
				CLANG_WARN_OBJC_ROOT_CLASS = YES_ERROR;
				CLANG_WARN_SUSPICIOUS_MOVE = YES;
				CLANG_WARN_UNREACHABLE_CODE = YES;
				CLANG_WARN__DUPLICATE_METHOD_MATCH = YES;
				"CODE_SIGN_IDENTITY[sdk=iphoneos*]" = "iPhone Developer";
				COPY_PHASE_STRIP = NO;
				DEBUG_INFORMATION_FORMAT = "dwarf-with-dsym";
				ENABLE_NS_ASSERTIONS = NO;
				ENABLE_STRICT_OBJC_MSGSEND = YES;
				GCC_C_LANGUAGE_STANDARD = gnu99;
				GCC_NO_COMMON_BLOCKS = YES;
				GCC_WARN_64_TO_32_BIT_CONVERSION = YES;
				GCC_WARN_ABOUT_RETURN_TYPE = YES_ERROR;
				GCC_WARN_UNDECLARED_SELECTOR = YES;
				GCC_WARN_UNINITIALIZED_AUTOS = YES_AGGRESSIVE;
				GCC_WARN_UNUSED_FUNCTION = YES;
				GCC_WARN_UNUSED_VARIABLE = YES;
				IPHONEOS_DEPLOYMENT_TARGET = 10.3;
				MTL_ENABLE_DEBUG_INFO = NO;
				SDKROOT = iphoneos;
				SWIFT_OPTIMIZATION_LEVEL = "-Owholemodule";
				TARGETED_DEVICE_FAMILY = "1,2";
				VALIDATE_PRODUCT = YES;
			};
			name = Release;
		};
		027B01401F1E621600D576CE /* Debug */ = {
			isa = XCBuildConfiguration;
			baseConfigurationReference = 54291CC0F55F9222FD2AFA2C /* Pods-Alemua.debug.xcconfig */;
			buildSettings = {
				ASSETCATALOG_COMPILER_APPICON_NAME = AppIcon;
				CODE_SIGN_ENTITLEMENTS = Alemua/Alemua.entitlements;
				"CODE_SIGN_IDENTITY[sdk=iphoneos*]" = "iPhone Developer";
				DEVELOPMENT_TEAM = 5S42UFKL84;
				FRAMEWORK_SEARCH_PATHS = (
					"$(inherited)",
					"$(PROJECT_DIR)",
				);
				GCC_OPTIMIZATION_LEVEL = 0;
				INFOPLIST_FILE = Alemua/Info.plist;
				LD_RUNPATH_SEARCH_PATHS = "$(inherited) @executable_path/Frameworks";
				PRODUCT_BUNDLE_IDENTIFIER = com.redix.Alemua;
				PRODUCT_NAME = "$(TARGET_NAME)";
				PROVISIONING_PROFILE_SPECIFIER = "";
				SWIFT_VERSION = 3.0;
			};
			name = Debug;
		};
		027B01411F1E621600D576CE /* Release */ = {
			isa = XCBuildConfiguration;
			baseConfigurationReference = C6B19EAE6BF40EFE2F52A3FC /* Pods-Alemua.release.xcconfig */;
			buildSettings = {
				ASSETCATALOG_COMPILER_APPICON_NAME = AppIcon;
				CODE_SIGN_ENTITLEMENTS = Alemua/Alemua.entitlements;
				"CODE_SIGN_IDENTITY[sdk=iphoneos*]" = "iPhone Developer";
				DEVELOPMENT_TEAM = 5S42UFKL84;
				FRAMEWORK_SEARCH_PATHS = (
					"$(inherited)",
					"$(PROJECT_DIR)",
				);
				GCC_OPTIMIZATION_LEVEL = s;
				INFOPLIST_FILE = Alemua/Info.plist;
				LD_RUNPATH_SEARCH_PATHS = "$(inherited) @executable_path/Frameworks";
				PRODUCT_BUNDLE_IDENTIFIER = com.redix.Alemua;
				PRODUCT_NAME = "$(TARGET_NAME)";
				PROVISIONING_PROFILE_SPECIFIER = "";
				SWIFT_VERSION = 3.0;
			};
			name = Release;
		};
/* End XCBuildConfiguration section */

/* Begin XCConfigurationList section */
		027B01281F1E621600D576CE /* Build configuration list for PBXProject "Alemua" */ = {
			isa = XCConfigurationList;
			buildConfigurations = (
				027B013D1F1E621600D576CE /* Debug */,
				027B013E1F1E621600D576CE /* Release */,
			);
			defaultConfigurationIsVisible = 0;
			defaultConfigurationName = Release;
		};
		027B013F1F1E621600D576CE /* Build configuration list for PBXNativeTarget "Alemua" */ = {
			isa = XCConfigurationList;
			buildConfigurations = (
				027B01401F1E621600D576CE /* Debug */,
				027B01411F1E621600D576CE /* Release */,
			);
			defaultConfigurationIsVisible = 0;
			defaultConfigurationName = Release;
		};
/* End XCConfigurationList section */
	};
	rootObject = 027B01251F1E621600D576CE /* Project object */;
}
