// !$*UTF8*$!
{
	archiveVersion = 1;
	classes = {
	};
	objectVersion = 46;
	objects = {

/* Begin PBXBuildFile section */
		021B82911F241F8100B757D7 /* BaoGiaTableViewCell.swift in Sources */ = {isa = PBXBuildFile; fileRef = 021B828F1F241F8100B757D7 /* BaoGiaTableViewCell.swift */; };
		021B82921F241F8100B757D7 /* BaoGiaTableViewCell.xib in Resources */ = {isa = PBXBuildFile; fileRef = 021B82901F241F8100B757D7 /* BaoGiaTableViewCell.xib */; };
		021B82951F242FAD00B757D7 /* DonHangSubViewController.swift in Sources */ = {isa = PBXBuildFile; fileRef = 021B82941F242FAD00B757D7 /* DonHangSubViewController.swift */; };
		021B82971F242FBB00B757D7 /* BaoGiaSubViewController.swift in Sources */ = {isa = PBXBuildFile; fileRef = 021B82961F242FBB00B757D7 /* BaoGiaSubViewController.swift */; };
		021B829A1F24503200B757D7 /* NotifyTableViewCell.swift in Sources */ = {isa = PBXBuildFile; fileRef = 021B82981F24503200B757D7 /* NotifyTableViewCell.swift */; };
		021B829B1F24503200B757D7 /* NotifyTableViewCell.xib in Resources */ = {isa = PBXBuildFile; fileRef = 021B82991F24503200B757D7 /* NotifyTableViewCell.xib */; };
		021B829D1F24576800B757D7 /* AwesomeDialog.swift in Sources */ = {isa = PBXBuildFile; fileRef = 021B829C1F24576800B757D7 /* AwesomeDialog.swift */; };
		021B82A11F247BCC00B757D7 /* AwesomeCloseButton.swift in Sources */ = {isa = PBXBuildFile; fileRef = 021B82A01F247BCC00B757D7 /* AwesomeCloseButton.swift */; };
		021B82A31F24894300B757D7 /* AwesomeRadioGroup.swift in Sources */ = {isa = PBXBuildFile; fileRef = 021B82A21F24894300B757D7 /* AwesomeRadioGroup.swift */; };
		021B82A51F2489C600B757D7 /* AwesomeRadioGroupCell.swift in Sources */ = {isa = PBXBuildFile; fileRef = 021B82A41F2489C600B757D7 /* AwesomeRadioGroupCell.swift */; };
		021B82A71F2494ED00B757D7 /* BaogiaDetailSubViewController.swift in Sources */ = {isa = PBXBuildFile; fileRef = 021B82A61F2494ED00B757D7 /* BaogiaDetailSubViewController.swift */; };
		0247A0821F203FFF0057455A /* AwesomeButton.swift in Sources */ = {isa = PBXBuildFile; fileRef = 0247A0811F203FFF0057455A /* AwesomeButton.swift */; };
		025D3FFD1F23917B00BCD5F7 /* AccountSettingViewController.swift in Sources */ = {isa = PBXBuildFile; fileRef = 025D3FFC1F23917B00BCD5F7 /* AccountSettingViewController.swift */; };
		025D3FFF1F23919500BCD5F7 /* AccountInviteViewController.swift in Sources */ = {isa = PBXBuildFile; fileRef = 025D3FFE1F23919500BCD5F7 /* AccountInviteViewController.swift */; };
		025D40021F2394EA00BCD5F7 /* DonHangTableViewCell.swift in Sources */ = {isa = PBXBuildFile; fileRef = 025D40001F2394EA00BCD5F7 /* DonHangTableViewCell.swift */; };
		025D40031F2394EA00BCD5F7 /* DonHangTableViewCell.xib in Resources */ = {isa = PBXBuildFile; fileRef = 025D40011F2394EA00BCD5F7 /* DonHangTableViewCell.xib */; };
		025D40051F23A85D00BCD5F7 /* OrderCoordinator.swift in Sources */ = {isa = PBXBuildFile; fileRef = 025D40041F23A85D00BCD5F7 /* OrderCoordinator.swift */; };
		025D40081F23A9B400BCD5F7 /* DonMuaViewController.swift in Sources */ = {isa = PBXBuildFile; fileRef = 025D40071F23A9B400BCD5F7 /* DonMuaViewController.swift */; };
		025D400A1F23A9C300BCD5F7 /* DonHangViewController.swift in Sources */ = {isa = PBXBuildFile; fileRef = 025D40091F23A9C300BCD5F7 /* DonHangViewController.swift */; };
		025D400C1F23A9DD00BCD5F7 /* DangChuyenViewController.swift in Sources */ = {isa = PBXBuildFile; fileRef = 025D400B1F23A9DD00BCD5F7 /* DangChuyenViewController.swift */; };
		025D400E1F23A9E900BCD5F7 /* DaMuaViewController.swift in Sources */ = {isa = PBXBuildFile; fileRef = 025D400D1F23A9E900BCD5F7 /* DaMuaViewController.swift */; };
		025D40141F23B27A00BCD5F7 /* AwesomeBackBarButton.swift in Sources */ = {isa = PBXBuildFile; fileRef = 025D40131F23B27A00BCD5F7 /* AwesomeBackBarButton.swift */; };
		027B01311F1E621600D576CE /* AppDelegate.swift in Sources */ = {isa = PBXBuildFile; fileRef = 027B01301F1E621600D576CE /* AppDelegate.swift */; };
		027B01381F1E621600D576CE /* Assets.xcassets in Resources */ = {isa = PBXBuildFile; fileRef = 027B01371F1E621600D576CE /* Assets.xcassets */; };
		027B01501F1EF14A00D576CE /* AppCoordinator.swift in Sources */ = {isa = PBXBuildFile; fileRef = 027B014F1F1EF14A00D576CE /* AppCoordinator.swift */; };
		029B09111F207C990036F01F /* BaseViewModel.swift in Sources */ = {isa = PBXBuildFile; fileRef = 029B090F1F207C990036F01F /* BaseViewModel.swift */; };
		029B09121F207C990036F01F /* TableViewViewController.swift in Sources */ = {isa = PBXBuildFile; fileRef = 029B09101F207C990036F01F /* TableViewViewController.swift */; };
		02A2AEE41F20E569007EB372 /* SingleOrderViewController.swift in Sources */ = {isa = PBXBuildFile; fileRef = 02A2AEE31F20E569007EB372 /* SingleOrderViewController.swift */; };
		02A2AEE61F20F8A7007EB372 /* AwesomeTableViewController.swift in Sources */ = {isa = PBXBuildFile; fileRef = 02A2AEE51F20F8A7007EB372 /* AwesomeTableViewController.swift */; };
		02A2AEEA1F210108007EB372 /* AwesomeUIView.swift in Sources */ = {isa = PBXBuildFile; fileRef = 02A2AEE91F210108007EB372 /* AwesomeUIView.swift */; };
		02A2AEF11F21025D007EB372 /* OrderViewCell.swift in Sources */ = {isa = PBXBuildFile; fileRef = 02A2AEEF1F21025D007EB372 /* OrderViewCell.swift */; };
		02A2AEF21F21025D007EB372 /* OrderViewCell.xib in Resources */ = {isa = PBXBuildFile; fileRef = 02A2AEF01F21025D007EB372 /* OrderViewCell.xib */; };
		02BF72651F224B8A00F1F4BC /* DonHang.storyboard in Resources */ = {isa = PBXBuildFile; fileRef = 02BF72641F224B8A00F1F4BC /* DonHang.storyboard */; };
		02BF72691F23338E00F1F4BC /* MainViewController.swift in Sources */ = {isa = PBXBuildFile; fileRef = 02BF72681F23338E00F1F4BC /* MainViewController.swift */; };
		02BF726B1F2333AF00F1F4BC /* MainCoordinator.swift in Sources */ = {isa = PBXBuildFile; fileRef = 02BF726A1F2333AF00F1F4BC /* MainCoordinator.swift */; };
		02BF726D1F23449900F1F4BC /* NavTabBarCoordinator.swift in Sources */ = {isa = PBXBuildFile; fileRef = 02BF726C1F23449900F1F4BC /* NavTabBarCoordinator.swift */; };
		02BF72711F23451F00F1F4BC /* NavTabBarViewController.swift in Sources */ = {isa = PBXBuildFile; fileRef = 02BF72701F23451F00F1F4BC /* NavTabBarViewController.swift */; };
		02BF72741F23672000F1F4BC /* OrderViewController.swift in Sources */ = {isa = PBXBuildFile; fileRef = 02BF72731F23672000F1F4BC /* OrderViewController.swift */; };
		02BF72791F23686100F1F4BC /* AccountViewController.swift in Sources */ = {isa = PBXBuildFile; fileRef = 02BF72781F23686100F1F4BC /* AccountViewController.swift */; };
		02BF727C1F2368CD00F1F4BC /* NotifyViewController.swift in Sources */ = {isa = PBXBuildFile; fileRef = 02BF727B1F2368CD00F1F4BC /* NotifyViewController.swift */; };
		02BF727E1F23708100F1F4BC /* AccountCoordinator.swift in Sources */ = {isa = PBXBuildFile; fileRef = 02BF727D1F23708100F1F4BC /* AccountCoordinator.swift */; };
		02BF72801F23734800F1F4BC /* EditAccountViewController.swift in Sources */ = {isa = PBXBuildFile; fileRef = 02BF727F1F23734800F1F4BC /* EditAccountViewController.swift */; };
		02F775151F1F38E900556BED /* HomeCoordinator.swift in Sources */ = {isa = PBXBuildFile; fileRef = 02F775111F1F38E900556BED /* HomeCoordinator.swift */; };
		02F775161F1F38E900556BED /* HomeViewController.swift in Sources */ = {isa = PBXBuildFile; fileRef = 02F775121F1F38E900556BED /* HomeViewController.swift */; };
		02F775171F1F38E900556BED /* HomeViewModel.swift in Sources */ = {isa = PBXBuildFile; fileRef = 02F775131F1F38E900556BED /* HomeViewModel.swift */; };
		02F775291F1F390300556BED /* LoginCoordinator.swift in Sources */ = {isa = PBXBuildFile; fileRef = 02F7751B1F1F390300556BED /* LoginCoordinator.swift */; };
		02F7752A1F1F390300556BED /* LoginViewController.swift in Sources */ = {isa = PBXBuildFile; fileRef = 02F7751C1F1F390300556BED /* LoginViewController.swift */; };
		02F7752B1F1F390300556BED /* LoginViewModel.swift in Sources */ = {isa = PBXBuildFile; fileRef = 02F7751D1F1F390300556BED /* LoginViewModel.swift */; };
		02F7752C1F1F390300556BED /* ProfileViewController.swift in Sources */ = {isa = PBXBuildFile; fileRef = 02F7751E1F1F390300556BED /* ProfileViewController.swift */; };
		02F7752D1F1F390300556BED /* SettingViewController.swift in Sources */ = {isa = PBXBuildFile; fileRef = 02F7751F1F1F390300556BED /* SettingViewController.swift */; };
		02F7752E1F1F390300556BED /* AleApi.swift in Sources */ = {isa = PBXBuildFile; fileRef = 02F775221F1F390300556BED /* AleApi.swift */; };
		02F7752F1F1F390300556BED /* Token.swift in Sources */ = {isa = PBXBuildFile; fileRef = 02F775231F1F390300556BED /* Token.swift */; };
		02F775311F1F390300556BED /* LaunchScreen.storyboard in Resources */ = {isa = PBXBuildFile; fileRef = 02F775261F1F390300556BED /* LaunchScreen.storyboard */; };
		02F775321F1F390300556BED /* Login.storyboard in Resources */ = {isa = PBXBuildFile; fileRef = 02F775271F1F390300556BED /* Login.storyboard */; };
		02F775331F1F390300556BED /* Main.storyboard in Resources */ = {isa = PBXBuildFile; fileRef = 02F775281F1F390300556BED /* Main.storyboard */; };
		02F775381F1F3ABD00556BED /* StarView.swift in Sources */ = {isa = PBXBuildFile; fileRef = 02F775371F1F3ABD00556BED /* StarView.swift */; };
		02F775481F1F556100556BED /* ChatViewController.swift in Sources */ = {isa = PBXBuildFile; fileRef = 02F775471F1F556100556BED /* ChatViewController.swift */; };
		02F7754A1F1F56BD00556BED /* ConversationViewController.swift in Sources */ = {isa = PBXBuildFile; fileRef = 02F775491F1F56BD00556BED /* ConversationViewController.swift */; };
		02F7754C1F1F57AB00556BED /* ChatCoordinator.swift in Sources */ = {isa = PBXBuildFile; fileRef = 02F7754B1F1F57AB00556BED /* ChatCoordinator.swift */; };
		02F775501F1F731500556BED /* ChatWrapperViewController.swift in Sources */ = {isa = PBXBuildFile; fileRef = 02F7754F1F1F731500556BED /* ChatWrapperViewController.swift */; };
		02F775541F1FB23100556BED /* InputField.swift in Sources */ = {isa = PBXBuildFile; fileRef = 02F775531F1FB23100556BED /* InputField.swift */; };
		02F775561F1FB46300556BED /* Profile.storyboard in Resources */ = {isa = PBXBuildFile; fileRef = 02F775551F1FB46300556BED /* Profile.storyboard */; };
		24C5FF5AB26952A9B36F5E70 /* Pods_Alemua.framework in Frameworks */ = {isa = PBXBuildFile; fileRef = 9052E9F90A054DFAA1105007 /* Pods_Alemua.framework */; };
/* End PBXBuildFile section */

/* Begin PBXFileReference section */
		021B828F1F241F8100B757D7 /* BaoGiaTableViewCell.swift */ = {isa = PBXFileReference; fileEncoding = 4; lastKnownFileType = sourcecode.swift; name = BaoGiaTableViewCell.swift; path = CustomView/BaoGiaTableViewCell.swift; sourceTree = "<group>"; };
		021B82901F241F8100B757D7 /* BaoGiaTableViewCell.xib */ = {isa = PBXFileReference; fileEncoding = 4; lastKnownFileType = file.xib; name = BaoGiaTableViewCell.xib; path = CustomView/BaoGiaTableViewCell.xib; sourceTree = "<group>"; };
		021B82941F242FAD00B757D7 /* DonHangSubViewController.swift */ = {isa = PBXFileReference; fileEncoding = 4; lastKnownFileType = sourcecode.swift; name = DonHangSubViewController.swift; path = Order/DonHangSubViewController.swift; sourceTree = "<group>"; };
		021B82961F242FBB00B757D7 /* BaoGiaSubViewController.swift */ = {isa = PBXFileReference; fileEncoding = 4; lastKnownFileType = sourcecode.swift; name = BaoGiaSubViewController.swift; path = Order/BaoGiaSubViewController.swift; sourceTree = "<group>"; };
		021B82981F24503200B757D7 /* NotifyTableViewCell.swift */ = {isa = PBXFileReference; fileEncoding = 4; lastKnownFileType = sourcecode.swift; name = NotifyTableViewCell.swift; path = CustomView/NotifyTableViewCell.swift; sourceTree = "<group>"; };
		021B82991F24503200B757D7 /* NotifyTableViewCell.xib */ = {isa = PBXFileReference; fileEncoding = 4; lastKnownFileType = file.xib; name = NotifyTableViewCell.xib; path = CustomView/NotifyTableViewCell.xib; sourceTree = "<group>"; };
		021B829C1F24576800B757D7 /* AwesomeDialog.swift */ = {isa = PBXFileReference; fileEncoding = 4; lastKnownFileType = sourcecode.swift; path = AwesomeDialog.swift; sourceTree = "<group>"; };
		021B82A01F247BCC00B757D7 /* AwesomeCloseButton.swift */ = {isa = PBXFileReference; fileEncoding = 4; lastKnownFileType = sourcecode.swift; path = AwesomeCloseButton.swift; sourceTree = "<group>"; };
		021B82A21F24894300B757D7 /* AwesomeRadioGroup.swift */ = {isa = PBXFileReference; fileEncoding = 4; lastKnownFileType = sourcecode.swift; path = AwesomeRadioGroup.swift; sourceTree = "<group>"; };
		021B82A41F2489C600B757D7 /* AwesomeRadioGroupCell.swift */ = {isa = PBXFileReference; fileEncoding = 4; lastKnownFileType = sourcecode.swift; path = AwesomeRadioGroupCell.swift; sourceTree = "<group>"; };
		021B82A61F2494ED00B757D7 /* BaogiaDetailSubViewController.swift */ = {isa = PBXFileReference; fileEncoding = 4; lastKnownFileType = sourcecode.swift; path = BaogiaDetailSubViewController.swift; sourceTree = "<group>"; };
		0247A0811F203FFF0057455A /* AwesomeButton.swift */ = {isa = PBXFileReference; fileEncoding = 4; lastKnownFileType = sourcecode.swift; path = AwesomeButton.swift; sourceTree = "<group>"; };
		025D3FFC1F23917B00BCD5F7 /* AccountSettingViewController.swift */ = {isa = PBXFileReference; fileEncoding = 4; lastKnownFileType = sourcecode.swift; path = AccountSettingViewController.swift; sourceTree = "<group>"; };
		025D3FFE1F23919500BCD5F7 /* AccountInviteViewController.swift */ = {isa = PBXFileReference; fileEncoding = 4; lastKnownFileType = sourcecode.swift; path = AccountInviteViewController.swift; sourceTree = "<group>"; };
		025D40001F2394EA00BCD5F7 /* DonHangTableViewCell.swift */ = {isa = PBXFileReference; fileEncoding = 4; lastKnownFileType = sourcecode.swift; name = DonHangTableViewCell.swift; path = CustomView/DonHangTableViewCell.swift; sourceTree = "<group>"; };
		025D40011F2394EA00BCD5F7 /* DonHangTableViewCell.xib */ = {isa = PBXFileReference; fileEncoding = 4; lastKnownFileType = file.xib; name = DonHangTableViewCell.xib; path = CustomView/DonHangTableViewCell.xib; sourceTree = "<group>"; };
		025D40041F23A85D00BCD5F7 /* OrderCoordinator.swift */ = {isa = PBXFileReference; fileEncoding = 4; lastKnownFileType = sourcecode.swift; name = OrderCoordinator.swift; path = Order/OrderCoordinator.swift; sourceTree = "<group>"; };
		025D40071F23A9B400BCD5F7 /* DonMuaViewController.swift */ = {isa = PBXFileReference; fileEncoding = 4; lastKnownFileType = sourcecode.swift; name = DonMuaViewController.swift; path = Order/DonMuaViewController.swift; sourceTree = "<group>"; };
		025D40091F23A9C300BCD5F7 /* DonHangViewController.swift */ = {isa = PBXFileReference; fileEncoding = 4; lastKnownFileType = sourcecode.swift; name = DonHangViewController.swift; path = Order/DonHangViewController.swift; sourceTree = "<group>"; };
		025D400B1F23A9DD00BCD5F7 /* DangChuyenViewController.swift */ = {isa = PBXFileReference; fileEncoding = 4; lastKnownFileType = sourcecode.swift; name = DangChuyenViewController.swift; path = Order/DangChuyenViewController.swift; sourceTree = "<group>"; };
		025D400D1F23A9E900BCD5F7 /* DaMuaViewController.swift */ = {isa = PBXFileReference; fileEncoding = 4; lastKnownFileType = sourcecode.swift; name = DaMuaViewController.swift; path = Order/DaMuaViewController.swift; sourceTree = "<group>"; };
		025D40131F23B27A00BCD5F7 /* AwesomeBackBarButton.swift */ = {isa = PBXFileReference; fileEncoding = 4; lastKnownFileType = sourcecode.swift; path = AwesomeBackBarButton.swift; sourceTree = "<group>"; };
		027B012D1F1E621600D576CE /* Alemua.app */ = {isa = PBXFileReference; explicitFileType = wrapper.application; includeInIndex = 0; path = Alemua.app; sourceTree = BUILT_PRODUCTS_DIR; };
		027B01301F1E621600D576CE /* AppDelegate.swift */ = {isa = PBXFileReference; lastKnownFileType = sourcecode.swift; path = AppDelegate.swift; sourceTree = "<group>"; };
		027B01371F1E621600D576CE /* Assets.xcassets */ = {isa = PBXFileReference; lastKnownFileType = folder.assetcatalog; path = Assets.xcassets; sourceTree = "<group>"; };
		027B013C1F1E621600D576CE /* Info.plist */ = {isa = PBXFileReference; lastKnownFileType = text.plist.xml; path = Info.plist; sourceTree = "<group>"; };
		027B014F1F1EF14A00D576CE /* AppCoordinator.swift */ = {isa = PBXFileReference; fileEncoding = 4; lastKnownFileType = sourcecode.swift; path = AppCoordinator.swift; sourceTree = "<group>"; };
		029B090F1F207C990036F01F /* BaseViewModel.swift */ = {isa = PBXFileReference; fileEncoding = 4; lastKnownFileType = sourcecode.swift; path = BaseViewModel.swift; sourceTree = "<group>"; };
		029B09101F207C990036F01F /* TableViewViewController.swift */ = {isa = PBXFileReference; fileEncoding = 4; lastKnownFileType = sourcecode.swift; path = TableViewViewController.swift; sourceTree = "<group>"; };
		02A2AEE31F20E569007EB372 /* SingleOrderViewController.swift */ = {isa = PBXFileReference; fileEncoding = 4; lastKnownFileType = sourcecode.swift; name = SingleOrderViewController.swift; path = Home/SingleOrderViewController.swift; sourceTree = "<group>"; };
		02A2AEE51F20F8A7007EB372 /* AwesomeTableViewController.swift */ = {isa = PBXFileReference; fileEncoding = 4; lastKnownFileType = sourcecode.swift; path = AwesomeTableViewController.swift; sourceTree = "<group>"; };
		02A2AEE91F210108007EB372 /* AwesomeUIView.swift */ = {isa = PBXFileReference; fileEncoding = 4; lastKnownFileType = sourcecode.swift; path = AwesomeUIView.swift; sourceTree = "<group>"; };
		02A2AEEF1F21025D007EB372 /* OrderViewCell.swift */ = {isa = PBXFileReference; fileEncoding = 4; lastKnownFileType = sourcecode.swift; path = OrderViewCell.swift; sourceTree = "<group>"; };
		02A2AEF01F21025D007EB372 /* OrderViewCell.xib */ = {isa = PBXFileReference; fileEncoding = 4; lastKnownFileType = file.xib; path = OrderViewCell.xib; sourceTree = "<group>"; };
		02BF72641F224B8A00F1F4BC /* DonHang.storyboard */ = {isa = PBXFileReference; fileEncoding = 4; lastKnownFileType = file.storyboard; path = DonHang.storyboard; sourceTree = "<group>"; };
		02BF72681F23338E00F1F4BC /* MainViewController.swift */ = {isa = PBXFileReference; fileEncoding = 4; lastKnownFileType = sourcecode.swift; name = MainViewController.swift; path = Main/MainViewController.swift; sourceTree = "<group>"; };
		02BF726A1F2333AF00F1F4BC /* MainCoordinator.swift */ = {isa = PBXFileReference; fileEncoding = 4; lastKnownFileType = sourcecode.swift; path = MainCoordinator.swift; sourceTree = "<group>"; };
		02BF726C1F23449900F1F4BC /* NavTabBarCoordinator.swift */ = {isa = PBXFileReference; fileEncoding = 4; lastKnownFileType = sourcecode.swift; path = NavTabBarCoordinator.swift; sourceTree = "<group>"; };
		02BF72701F23451F00F1F4BC /* NavTabBarViewController.swift */ = {isa = PBXFileReference; fileEncoding = 4; lastKnownFileType = sourcecode.swift; path = NavTabBarViewController.swift; sourceTree = "<group>"; };
		02BF72731F23672000F1F4BC /* OrderViewController.swift */ = {isa = PBXFileReference; fileEncoding = 4; lastKnownFileType = sourcecode.swift; name = OrderViewController.swift; path = Order/OrderViewController.swift; sourceTree = "<group>"; };
		02BF72781F23686100F1F4BC /* AccountViewController.swift */ = {isa = PBXFileReference; fileEncoding = 4; lastKnownFileType = sourcecode.swift; name = AccountViewController.swift; path = Account/AccountViewController.swift; sourceTree = "<group>"; };
		02BF727B1F2368CD00F1F4BC /* NotifyViewController.swift */ = {isa = PBXFileReference; fileEncoding = 4; lastKnownFileType = sourcecode.swift; path = NotifyViewController.swift; sourceTree = "<group>"; };
		02BF727D1F23708100F1F4BC /* AccountCoordinator.swift */ = {isa = PBXFileReference; fileEncoding = 4; lastKnownFileType = sourcecode.swift; path = AccountCoordinator.swift; sourceTree = "<group>"; };
		02BF727F1F23734800F1F4BC /* EditAccountViewController.swift */ = {isa = PBXFileReference; fileEncoding = 4; lastKnownFileType = sourcecode.swift; path = EditAccountViewController.swift; sourceTree = "<group>"; };
		02F775111F1F38E900556BED /* HomeCoordinator.swift */ = {isa = PBXFileReference; fileEncoding = 4; lastKnownFileType = sourcecode.swift; path = HomeCoordinator.swift; sourceTree = "<group>"; };
		02F775121F1F38E900556BED /* HomeViewController.swift */ = {isa = PBXFileReference; fileEncoding = 4; lastKnownFileType = sourcecode.swift; path = HomeViewController.swift; sourceTree = "<group>"; };
		02F775131F1F38E900556BED /* HomeViewModel.swift */ = {isa = PBXFileReference; fileEncoding = 4; lastKnownFileType = sourcecode.swift; path = HomeViewModel.swift; sourceTree = "<group>"; };
		02F7751B1F1F390300556BED /* LoginCoordinator.swift */ = {isa = PBXFileReference; fileEncoding = 4; lastKnownFileType = sourcecode.swift; path = LoginCoordinator.swift; sourceTree = "<group>"; };
		02F7751C1F1F390300556BED /* LoginViewController.swift */ = {isa = PBXFileReference; fileEncoding = 4; lastKnownFileType = sourcecode.swift; path = LoginViewController.swift; sourceTree = "<group>"; };
		02F7751D1F1F390300556BED /* LoginViewModel.swift */ = {isa = PBXFileReference; fileEncoding = 4; lastKnownFileType = sourcecode.swift; path = LoginViewModel.swift; sourceTree = "<group>"; };
		02F7751E1F1F390300556BED /* ProfileViewController.swift */ = {isa = PBXFileReference; fileEncoding = 4; lastKnownFileType = sourcecode.swift; path = ProfileViewController.swift; sourceTree = "<group>"; };
		02F7751F1F1F390300556BED /* SettingViewController.swift */ = {isa = PBXFileReference; fileEncoding = 4; lastKnownFileType = sourcecode.swift; path = SettingViewController.swift; sourceTree = "<group>"; };
		02F775221F1F390300556BED /* AleApi.swift */ = {isa = PBXFileReference; fileEncoding = 4; lastKnownFileType = sourcecode.swift; path = AleApi.swift; sourceTree = "<group>"; };
		02F775231F1F390300556BED /* Token.swift */ = {isa = PBXFileReference; fileEncoding = 4; lastKnownFileType = sourcecode.swift; path = Token.swift; sourceTree = "<group>"; };
		02F775261F1F390300556BED /* LaunchScreen.storyboard */ = {isa = PBXFileReference; fileEncoding = 4; lastKnownFileType = file.storyboard; path = LaunchScreen.storyboard; sourceTree = "<group>"; };
		02F775271F1F390300556BED /* Login.storyboard */ = {isa = PBXFileReference; fileEncoding = 4; lastKnownFileType = file.storyboard; path = Login.storyboard; sourceTree = "<group>"; };
		02F775281F1F390300556BED /* Main.storyboard */ = {isa = PBXFileReference; fileEncoding = 4; lastKnownFileType = file.storyboard; path = Main.storyboard; sourceTree = "<group>"; };
		02F775371F1F3ABD00556BED /* StarView.swift */ = {isa = PBXFileReference; fileEncoding = 4; lastKnownFileType = sourcecode.swift; name = StarView.swift; path = CustomView/StarView.swift; sourceTree = "<group>"; };
		02F775471F1F556100556BED /* ChatViewController.swift */ = {isa = PBXFileReference; fileEncoding = 4; lastKnownFileType = sourcecode.swift; path = ChatViewController.swift; sourceTree = "<group>"; };
		02F775491F1F56BD00556BED /* ConversationViewController.swift */ = {isa = PBXFileReference; fileEncoding = 4; lastKnownFileType = sourcecode.swift; path = ConversationViewController.swift; sourceTree = "<group>"; };
		02F7754B1F1F57AB00556BED /* ChatCoordinator.swift */ = {isa = PBXFileReference; fileEncoding = 4; lastKnownFileType = sourcecode.swift; path = ChatCoordinator.swift; sourceTree = "<group>"; };
		02F7754F1F1F731500556BED /* ChatWrapperViewController.swift */ = {isa = PBXFileReference; fileEncoding = 4; lastKnownFileType = sourcecode.swift; path = ChatWrapperViewController.swift; sourceTree = "<group>"; };
		02F775531F1FB23100556BED /* InputField.swift */ = {isa = PBXFileReference; fileEncoding = 4; lastKnownFileType = sourcecode.swift; path = InputField.swift; sourceTree = "<group>"; };
		02F775551F1FB46300556BED /* Profile.storyboard */ = {isa = PBXFileReference; fileEncoding = 4; lastKnownFileType = file.storyboard; path = Profile.storyboard; sourceTree = "<group>"; };
		54291CC0F55F9222FD2AFA2C /* Pods-Alemua.debug.xcconfig */ = {isa = PBXFileReference; includeInIndex = 1; lastKnownFileType = text.xcconfig; name = "Pods-Alemua.debug.xcconfig"; path = "Pods/Target Support Files/Pods-Alemua/Pods-Alemua.debug.xcconfig"; sourceTree = "<group>"; };
		9052E9F90A054DFAA1105007 /* Pods_Alemua.framework */ = {isa = PBXFileReference; explicitFileType = wrapper.framework; includeInIndex = 0; path = Pods_Alemua.framework; sourceTree = BUILT_PRODUCTS_DIR; };
		C6B19EAE6BF40EFE2F52A3FC /* Pods-Alemua.release.xcconfig */ = {isa = PBXFileReference; includeInIndex = 1; lastKnownFileType = text.xcconfig; name = "Pods-Alemua.release.xcconfig"; path = "Pods/Target Support Files/Pods-Alemua/Pods-Alemua.release.xcconfig"; sourceTree = "<group>"; };
/* End PBXFileReference section */

/* Begin PBXFrameworksBuildPhase section */
		027B012A1F1E621600D576CE /* Frameworks */ = {
			isa = PBXFrameworksBuildPhase;
			buildActionMask = 2147483647;
			files = (
				24C5FF5AB26952A9B36F5E70 /* Pods_Alemua.framework in Frameworks */,
			);
			runOnlyForDeploymentPostprocessing = 0;
		};
/* End PBXFrameworksBuildPhase section */

/* Begin PBXGroup section */
		021B82931F242F8300B757D7 /* DonHangSubView */ = {
			isa = PBXGroup;
			children = (
				021B82941F242FAD00B757D7 /* DonHangSubViewController.swift */,
				021B82961F242FBB00B757D7 /* BaoGiaSubViewController.swift */,
				021B82A61F2494ED00B757D7 /* BaogiaDetailSubViewController.swift */,
			);
			name = DonHangSubView;
			sourceTree = "<group>";
		};
		025D40061F23A99000BCD5F7 /* SubViewController */ = {
			isa = PBXGroup;
			children = (
				021B82931F242F8300B757D7 /* DonHangSubView */,
				025D400B1F23A9DD00BCD5F7 /* DangChuyenViewController.swift */,
				025D400D1F23A9E900BCD5F7 /* DaMuaViewController.swift */,
				025D40071F23A9B400BCD5F7 /* DonMuaViewController.swift */,
				025D40091F23A9C300BCD5F7 /* DonHangViewController.swift */,
			);
			name = SubViewController;
			sourceTree = "<group>";
		};
		027B01241F1E621600D576CE = {
			isa = PBXGroup;
			children = (
				027B012F1F1E621600D576CE /* Alemua */,
				027B012E1F1E621600D576CE /* Products */,
				549A082178F877DD961E5941 /* Pods */,
				6579724C9699AF5FCCBC9819 /* Frameworks */,
			);
			sourceTree = "<group>";
		};
		027B012E1F1E621600D576CE /* Products */ = {
			isa = PBXGroup;
			children = (
				027B012D1F1E621600D576CE /* Alemua.app */,
			);
			name = Products;
			sourceTree = "<group>";
		};
		027B012F1F1E621600D576CE /* Alemua */ = {
			isa = PBXGroup;
			children = (
				029B090E1F207C990036F01F /* Base */,
				02F775341F1F39BE00556BED /* CustomView */,
				02F775101F1F38E900556BED /* Home */,
				02BF72661F23334E00F1F4BC /* Main */,
				02BF72721F2366DA00F1F4BC /* Order */,
				02F775191F1F390300556BED /* Chat */,
				02BF72771F23683500F1F4BC /* Account */,
				02F7751A1F1F390300556BED /* Login */,
				02F775201F1F390300556BED /* Notification */,
				02F775211F1F390300556BED /* Service */,
				02F775241F1F390300556BED /* View */,
				027B01301F1E621600D576CE /* AppDelegate.swift */,
				027B01371F1E621600D576CE /* Assets.xcassets */,
				027B013C1F1E621600D576CE /* Info.plist */,
				027B014F1F1EF14A00D576CE /* AppCoordinator.swift */,
			);
			path = Alemua;
			sourceTree = "<group>";
		};
		029B090D1F207C5F0036F01F /* Controller */ = {
			isa = PBXGroup;
			children = (
				02F775121F1F38E900556BED /* HomeViewController.swift */,
			);
			name = Controller;
			sourceTree = "<group>";
		};
		029B090E1F207C990036F01F /* Base */ = {
			isa = PBXGroup;
			children = (
				029B090F1F207C990036F01F /* BaseViewModel.swift */,
				029B09101F207C990036F01F /* TableViewViewController.swift */,
				02A2AEE51F20F8A7007EB372 /* AwesomeTableViewController.swift */,
				025D40131F23B27A00BCD5F7 /* AwesomeBackBarButton.swift */,
				021B829C1F24576800B757D7 /* AwesomeDialog.swift */,
				021B82A01F247BCC00B757D7 /* AwesomeCloseButton.swift */,
				021B82A21F24894300B757D7 /* AwesomeRadioGroup.swift */,
				021B82A41F2489C600B757D7 /* AwesomeRadioGroupCell.swift */,
			);
			path = Base;
			sourceTree = "<group>";
		};
		02BF72661F23334E00F1F4BC /* Main */ = {
			isa = PBXGroup;
			children = (
				02BF72671F23336200F1F4BC /* Controller */,
				02BF726A1F2333AF00F1F4BC /* MainCoordinator.swift */,
				02BF726C1F23449900F1F4BC /* NavTabBarCoordinator.swift */,
			);
			name = Main;
			sourceTree = "<group>";
		};
		02BF72671F23336200F1F4BC /* Controller */ = {
			isa = PBXGroup;
			children = (
				02BF72681F23338E00F1F4BC /* MainViewController.swift */,
				02BF72701F23451F00F1F4BC /* NavTabBarViewController.swift */,
			);
			name = Controller;
			sourceTree = "<group>";
		};
		02BF72721F2366DA00F1F4BC /* Order */ = {
			isa = PBXGroup;
			children = (
				025D40061F23A99000BCD5F7 /* SubViewController */,
				025D40041F23A85D00BCD5F7 /* OrderCoordinator.swift */,
				02BF72731F23672000F1F4BC /* OrderViewController.swift */,
				02A2AEE31F20E569007EB372 /* SingleOrderViewController.swift */,
			);
			name = Order;
			sourceTree = "<group>";
		};
		02BF72771F23683500F1F4BC /* Account */ = {
			isa = PBXGroup;
			children = (
				02BF72781F23686100F1F4BC /* AccountViewController.swift */,
				02BF727D1F23708100F1F4BC /* AccountCoordinator.swift */,
				02BF727F1F23734800F1F4BC /* EditAccountViewController.swift */,
				025D3FFC1F23917B00BCD5F7 /* AccountSettingViewController.swift */,
				025D3FFE1F23919500BCD5F7 /* AccountInviteViewController.swift */,
			);
			name = Account;
			sourceTree = "<group>";
		};
		02F775101F1F38E900556BED /* Home */ = {
			isa = PBXGroup;
			children = (
				029B090D1F207C5F0036F01F /* Controller */,
				02F775111F1F38E900556BED /* HomeCoordinator.swift */,
				02F775131F1F38E900556BED /* HomeViewModel.swift */,
			);
			path = Home;
			sourceTree = "<group>";
		};
		02F775191F1F390300556BED /* Chat */ = {
			isa = PBXGroup;
			children = (
				02F775391F1F3F2C00556BED /* View */,
				02F7754B1F1F57AB00556BED /* ChatCoordinator.swift */,
				02F775471F1F556100556BED /* ChatViewController.swift */,
				02F775491F1F56BD00556BED /* ConversationViewController.swift */,
				02F7754F1F1F731500556BED /* ChatWrapperViewController.swift */,
			);
			path = Chat;
			sourceTree = "<group>";
		};
		02F7751A1F1F390300556BED /* Login */ = {
			isa = PBXGroup;
			children = (
				02F7751B1F1F390300556BED /* LoginCoordinator.swift */,
				02F7751C1F1F390300556BED /* LoginViewController.swift */,
				02F7751D1F1F390300556BED /* LoginViewModel.swift */,
				02F7751E1F1F390300556BED /* ProfileViewController.swift */,
				02F7751F1F1F390300556BED /* SettingViewController.swift */,
			);
			path = Login;
			sourceTree = "<group>";
		};
		02F775201F1F390300556BED /* Notification */ = {
			isa = PBXGroup;
			children = (
				02BF727B1F2368CD00F1F4BC /* NotifyViewController.swift */,
			);
			path = Notification;
			sourceTree = "<group>";
		};
		02F775211F1F390300556BED /* Service */ = {
			isa = PBXGroup;
			children = (
				02F775221F1F390300556BED /* AleApi.swift */,
				02F775231F1F390300556BED /* Token.swift */,
			);
			path = Service;
			sourceTree = "<group>";
		};
		02F775241F1F390300556BED /* View */ = {
			isa = PBXGroup;
			children = (
				02F775261F1F390300556BED /* LaunchScreen.storyboard */,
				02F775271F1F390300556BED /* Login.storyboard */,
				02F775281F1F390300556BED /* Main.storyboard */,
				02F775551F1FB46300556BED /* Profile.storyboard */,
				02BF72641F224B8A00F1F4BC /* DonHang.storyboard */,
			);
			path = View;
			sourceTree = "<group>";
		};
		02F775341F1F39BE00556BED /* CustomView */ = {
			isa = PBXGroup;
			children = (
				02F775371F1F3ABD00556BED /* StarView.swift */,
				02F775531F1FB23100556BED /* InputField.swift */,
				0247A0811F203FFF0057455A /* AwesomeButton.swift */,
				02A2AEE91F210108007EB372 /* AwesomeUIView.swift */,
				02A2AEEF1F21025D007EB372 /* OrderViewCell.swift */,
				02A2AEF01F21025D007EB372 /* OrderViewCell.xib */,
				025D40001F2394EA00BCD5F7 /* DonHangTableViewCell.swift */,
				025D40011F2394EA00BCD5F7 /* DonHangTableViewCell.xib */,
				021B828F1F241F8100B757D7 /* BaoGiaTableViewCell.swift */,
				021B82901F241F8100B757D7 /* BaoGiaTableViewCell.xib */,
				021B82981F24503200B757D7 /* NotifyTableViewCell.swift */,
				021B82991F24503200B757D7 /* NotifyTableViewCell.xib */,
			);
			name = CustomView;
			sourceTree = "<group>";
		};
		02F775391F1F3F2C00556BED /* View */ = {
			isa = PBXGroup;
			children = (
			);
			name = View;
			sourceTree = "<group>";
		};
		549A082178F877DD961E5941 /* Pods */ = {
			isa = PBXGroup;
			children = (
				54291CC0F55F9222FD2AFA2C /* Pods-Alemua.debug.xcconfig */,
				C6B19EAE6BF40EFE2F52A3FC /* Pods-Alemua.release.xcconfig */,
			);
			name = Pods;
			sourceTree = "<group>";
		};
		6579724C9699AF5FCCBC9819 /* Frameworks */ = {
			isa = PBXGroup;
			children = (
				9052E9F90A054DFAA1105007 /* Pods_Alemua.framework */,
			);
			name = Frameworks;
			sourceTree = "<group>";
		};
/* End PBXGroup section */

/* Begin PBXNativeTarget section */
		027B012C1F1E621600D576CE /* Alemua */ = {
			isa = PBXNativeTarget;
			buildConfigurationList = 027B013F1F1E621600D576CE /* Build configuration list for PBXNativeTarget "Alemua" */;
			buildPhases = (
				FFA4B32E56531994B914B362 /* [CP] Check Pods Manifest.lock */,
				027B01291F1E621600D576CE /* Sources */,
				027B012A1F1E621600D576CE /* Frameworks */,
				027B012B1F1E621600D576CE /* Resources */,
				33150858B2302E03C0D235B9 /* [CP] Embed Pods Frameworks */,
				9648A185A5751FEAAE258E76 /* [CP] Copy Pods Resources */,
			);
			buildRules = (
			);
			dependencies = (
			);
			name = Alemua;
			productName = Alemua;
			productReference = 027B012D1F1E621600D576CE /* Alemua.app */;
			productType = "com.apple.product-type.application";
		};
/* End PBXNativeTarget section */

/* Begin PBXProject section */
		027B01251F1E621600D576CE /* Project object */ = {
			isa = PBXProject;
			attributes = {
				LastSwiftUpdateCheck = 0830;
				LastUpgradeCheck = 0830;
				ORGANIZATIONNAME = cong;
				TargetAttributes = {
					027B012C1F1E621600D576CE = {
						CreatedOnToolsVersion = 8.3.2;
						ProvisioningStyle = Automatic;
					};
				};
			};
			buildConfigurationList = 027B01281F1E621600D576CE /* Build configuration list for PBXProject "Alemua" */;
			compatibilityVersion = "Xcode 3.2";
			developmentRegion = English;
			hasScannedForEncodings = 0;
			knownRegions = (
				en,
				Base,
			);
			mainGroup = 027B01241F1E621600D576CE;
			productRefGroup = 027B012E1F1E621600D576CE /* Products */;
			projectDirPath = "";
			projectRoot = "";
			targets = (
				027B012C1F1E621600D576CE /* Alemua */,
			);
		};
/* End PBXProject section */

/* Begin PBXResourcesBuildPhase section */
		027B012B1F1E621600D576CE /* Resources */ = {
			isa = PBXResourcesBuildPhase;
			buildActionMask = 2147483647;
			files = (
				02BF72651F224B8A00F1F4BC /* DonHang.storyboard in Resources */,
				02F775321F1F390300556BED /* Login.storyboard in Resources */,
				02F775331F1F390300556BED /* Main.storyboard in Resources */,
				021B82921F241F8100B757D7 /* BaoGiaTableViewCell.xib in Resources */,
				025D40031F2394EA00BCD5F7 /* DonHangTableViewCell.xib in Resources */,
				02F775311F1F390300556BED /* LaunchScreen.storyboard in Resources */,
				021B829B1F24503200B757D7 /* NotifyTableViewCell.xib in Resources */,
				02A2AEF21F21025D007EB372 /* OrderViewCell.xib in Resources */,
				02F775561F1FB46300556BED /* Profile.storyboard in Resources */,
				027B01381F1E621600D576CE /* Assets.xcassets in Resources */,
			);
			runOnlyForDeploymentPostprocessing = 0;
		};
/* End PBXResourcesBuildPhase section */

/* Begin PBXShellScriptBuildPhase section */
		33150858B2302E03C0D235B9 /* [CP] Embed Pods Frameworks */ = {
			isa = PBXShellScriptBuildPhase;
			buildActionMask = 2147483647;
			files = (
			);
			inputPaths = (
			);
			name = "[CP] Embed Pods Frameworks";
			outputPaths = (
			);
			runOnlyForDeploymentPostprocessing = 0;
			shellPath = /bin/sh;
			shellScript = "\"${SRCROOT}/Pods/Target Support Files/Pods-Alemua/Pods-Alemua-frameworks.sh\"\n";
			showEnvVarsInLog = 0;
		};
		9648A185A5751FEAAE258E76 /* [CP] Copy Pods Resources */ = {
			isa = PBXShellScriptBuildPhase;
			buildActionMask = 2147483647;
			files = (
			);
			inputPaths = (
			);
			name = "[CP] Copy Pods Resources";
			outputPaths = (
			);
			runOnlyForDeploymentPostprocessing = 0;
			shellPath = /bin/sh;
			shellScript = "\"${SRCROOT}/Pods/Target Support Files/Pods-Alemua/Pods-Alemua-resources.sh\"\n";
			showEnvVarsInLog = 0;
		};
		FFA4B32E56531994B914B362 /* [CP] Check Pods Manifest.lock */ = {
			isa = PBXShellScriptBuildPhase;
			buildActionMask = 2147483647;
			files = (
			);
			inputPaths = (
			);
			name = "[CP] Check Pods Manifest.lock";
			outputPaths = (
			);
			runOnlyForDeploymentPostprocessing = 0;
			shellPath = /bin/sh;
			shellScript = "diff \"${PODS_PODFILE_DIR_PATH}/Podfile.lock\" \"${PODS_ROOT}/Manifest.lock\" > /dev/null\nif [ $? != 0 ] ; then\n    # print error to STDERR\n    echo \"error: The sandbox is not in sync with the Podfile.lock. Run 'pod install' or update your CocoaPods installation.\" >&2\n    exit 1\nfi\n";
			showEnvVarsInLog = 0;
		};
/* End PBXShellScriptBuildPhase section */

/* Begin PBXSourcesBuildPhase section */
		027B01291F1E621600D576CE /* Sources */ = {
			isa = PBXSourcesBuildPhase;
			buildActionMask = 2147483647;
			files = (
				025D400A1F23A9C300BCD5F7 /* DonHangViewController.swift in Sources */,
				02A2AEEA1F210108007EB372 /* AwesomeUIView.swift in Sources */,
				02BF72791F23686100F1F4BC /* AccountViewController.swift in Sources */,
				02F7752D1F1F390300556BED /* SettingViewController.swift in Sources */,
				02F775501F1F731500556BED /* ChatWrapperViewController.swift in Sources */,
				021B829D1F24576800B757D7 /* AwesomeDialog.swift in Sources */,
				0247A0821F203FFF0057455A /* AwesomeButton.swift in Sources */,
				025D40051F23A85D00BCD5F7 /* OrderCoordinator.swift in Sources */,
				027B01501F1EF14A00D576CE /* AppCoordinator.swift in Sources */,
				02F7752C1F1F390300556BED /* ProfileViewController.swift in Sources */,
				02F7754C1F1F57AB00556BED /* ChatCoordinator.swift in Sources */,
				02F775291F1F390300556BED /* LoginCoordinator.swift in Sources */,
				02F775541F1FB23100556BED /* InputField.swift in Sources */,
				025D40021F2394EA00BCD5F7 /* DonHangTableViewCell.swift in Sources */,
				021B82911F241F8100B757D7 /* BaoGiaTableViewCell.swift in Sources */,
				025D3FFD1F23917B00BCD5F7 /* AccountSettingViewController.swift in Sources */,
				027B01311F1E621600D576CE /* AppDelegate.swift in Sources */,
				021B82A11F247BCC00B757D7 /* AwesomeCloseButton.swift in Sources */,
				02BF727E1F23708100F1F4BC /* AccountCoordinator.swift in Sources */,
				02F7752A1F1F390300556BED /* LoginViewController.swift in Sources */,
				02BF726B1F2333AF00F1F4BC /* MainCoordinator.swift in Sources */,
				02F7752E1F1F390300556BED /* AleApi.swift in Sources */,
				02F775151F1F38E900556BED /* HomeCoordinator.swift in Sources */,
				02BF72801F23734800F1F4BC /* EditAccountViewController.swift in Sources */,
				02BF727C1F2368CD00F1F4BC /* NotifyViewController.swift in Sources */,
				02BF72741F23672000F1F4BC /* OrderViewController.swift in Sources */,
				02F775171F1F38E900556BED /* HomeViewModel.swift in Sources */,
				02BF72691F23338E00F1F4BC /* MainViewController.swift in Sources */,
				02F7754A1F1F56BD00556BED /* ConversationViewController.swift in Sources */,
				021B82A71F2494ED00B757D7 /* BaogiaDetailSubViewController.swift in Sources */,
				02F775161F1F38E900556BED /* HomeViewController.swift in Sources */,
				025D400C1F23A9DD00BCD5F7 /* DangChuyenViewController.swift in Sources */,
				025D3FFF1F23919500BCD5F7 /* AccountInviteViewController.swift in Sources */,
				02A2AEF11F21025D007EB372 /* OrderViewCell.swift in Sources */,
				021B829A1F24503200B757D7 /* NotifyTableViewCell.swift in Sources */,
				025D400E1F23A9E900BCD5F7 /* DaMuaViewController.swift in Sources */,
				02F7752F1F1F390300556BED /* Token.swift in Sources */,
				029B09111F207C990036F01F /* BaseViewModel.swift in Sources */,
				021B82A31F24894300B757D7 /* AwesomeRadioGroup.swift in Sources */,
				029B09121F207C990036F01F /* TableViewViewController.swift in Sources */,
				025D40081F23A9B400BCD5F7 /* DonMuaViewController.swift in Sources */,
				02A2AEE41F20E569007EB372 /* SingleOrderViewController.swift in Sources */,
				02BF726D1F23449900F1F4BC /* NavTabBarCoordinator.swift in Sources */,
				025D40141F23B27A00BCD5F7 /* AwesomeBackBarButton.swift in Sources */,
				02F775381F1F3ABD00556BED /* StarView.swift in Sources */,
				021B82951F242FAD00B757D7 /* DonHangSubViewController.swift in Sources */,
				02F775481F1F556100556BED /* ChatViewController.swift in Sources */,
				021B82A51F2489C600B757D7 /* AwesomeRadioGroupCell.swift in Sources */,
				021B82971F242FBB00B757D7 /* BaoGiaSubViewController.swift in Sources */,
				02A2AEE61F20F8A7007EB372 /* AwesomeTableViewController.swift in Sources */,
				02F7752B1F1F390300556BED /* LoginViewModel.swift in Sources */,
				02BF72711F23451F00F1F4BC /* NavTabBarViewController.swift in Sources */,
			);
			runOnlyForDeploymentPostprocessing = 0;
		};
/* End PBXSourcesBuildPhase section */

/* Begin XCBuildConfiguration section */
		027B013D1F1E621600D576CE /* Debug */ = {
			isa = XCBuildConfiguration;
			buildSettings = {
				ALWAYS_SEARCH_USER_PATHS = NO;
				CLANG_ANALYZER_NONNULL = YES;
				CLANG_ANALYZER_NUMBER_OBJECT_CONVERSION = YES_AGGRESSIVE;
				CLANG_CXX_LANGUAGE_STANDARD = "gnu++0x";
				CLANG_CXX_LIBRARY = "libc++";
				CLANG_ENABLE_MODULES = YES;
				CLANG_ENABLE_OBJC_ARC = YES;
				CLANG_WARN_BOOL_CONVERSION = YES;
				CLANG_WARN_CONSTANT_CONVERSION = YES;
				CLANG_WARN_DIRECT_OBJC_ISA_USAGE = YES_ERROR;
				CLANG_WARN_DOCUMENTATION_COMMENTS = YES;
				CLANG_WARN_EMPTY_BODY = YES;
				CLANG_WARN_ENUM_CONVERSION = YES;
				CLANG_WARN_INFINITE_RECURSION = YES;
				CLANG_WARN_INT_CONVERSION = YES;
				CLANG_WARN_OBJC_ROOT_CLASS = YES_ERROR;
				CLANG_WARN_SUSPICIOUS_MOVE = YES;
				CLANG_WARN_UNREACHABLE_CODE = YES;
				CLANG_WARN__DUPLICATE_METHOD_MATCH = YES;
				"CODE_SIGN_IDENTITY[sdk=iphoneos*]" = "iPhone Developer";
				COPY_PHASE_STRIP = NO;
				DEBUG_INFORMATION_FORMAT = dwarf;
				ENABLE_STRICT_OBJC_MSGSEND = YES;
				ENABLE_TESTABILITY = YES;
				GCC_C_LANGUAGE_STANDARD = gnu99;
				GCC_DYNAMIC_NO_PIC = NO;
				GCC_NO_COMMON_BLOCKS = YES;
				GCC_OPTIMIZATION_LEVEL = 0;
				GCC_PREPROCESSOR_DEFINITIONS = (
					"DEBUG=1",
					"$(inherited)",
				);
				GCC_WARN_64_TO_32_BIT_CONVERSION = YES;
				GCC_WARN_ABOUT_RETURN_TYPE = YES_ERROR;
				GCC_WARN_UNDECLARED_SELECTOR = YES;
				GCC_WARN_UNINITIALIZED_AUTOS = YES_AGGRESSIVE;
				GCC_WARN_UNUSED_FUNCTION = YES;
				GCC_WARN_UNUSED_VARIABLE = YES;
				IPHONEOS_DEPLOYMENT_TARGET = 10.3;
				MTL_ENABLE_DEBUG_INFO = YES;
				ONLY_ACTIVE_ARCH = YES;
				SDKROOT = iphoneos;
				SWIFT_ACTIVE_COMPILATION_CONDITIONS = DEBUG;
				SWIFT_OPTIMIZATION_LEVEL = "-Onone";
				TARGETED_DEVICE_FAMILY = "1,2";
			};
			name = Debug;
		};
		027B013E1F1E621600D576CE /* Release */ = {
			isa = XCBuildConfiguration;
			buildSettings = {
				ALWAYS_SEARCH_USER_PATHS = NO;
				CLANG_ANALYZER_NONNULL = YES;
				CLANG_ANALYZER_NUMBER_OBJECT_CONVERSION = YES_AGGRESSIVE;
				CLANG_CXX_LANGUAGE_STANDARD = "gnu++0x";
				CLANG_CXX_LIBRARY = "libc++";
				CLANG_ENABLE_MODULES = YES;
				CLANG_ENABLE_OBJC_ARC = YES;
				CLANG_WARN_BOOL_CONVERSION = YES;
				CLANG_WARN_CONSTANT_CONVERSION = YES;
				CLANG_WARN_DIRECT_OBJC_ISA_USAGE = YES_ERROR;
				CLANG_WARN_DOCUMENTATION_COMMENTS = YES;
				CLANG_WARN_EMPTY_BODY = YES;
				CLANG_WARN_ENUM_CONVERSION = YES;
				CLANG_WARN_INFINITE_RECURSION = YES;
				CLANG_WARN_INT_CONVERSION = YES;
				CLANG_WARN_OBJC_ROOT_CLASS = YES_ERROR;
				CLANG_WARN_SUSPICIOUS_MOVE = YES;
				CLANG_WARN_UNREACHABLE_CODE = YES;
				CLANG_WARN__DUPLICATE_METHOD_MATCH = YES;
				"CODE_SIGN_IDENTITY[sdk=iphoneos*]" = "iPhone Developer";
				COPY_PHASE_STRIP = NO;
				DEBUG_INFORMATION_FORMAT = "dwarf-with-dsym";
				ENABLE_NS_ASSERTIONS = NO;
				ENABLE_STRICT_OBJC_MSGSEND = YES;
				GCC_C_LANGUAGE_STANDARD = gnu99;
				GCC_NO_COMMON_BLOCKS = YES;
				GCC_WARN_64_TO_32_BIT_CONVERSION = YES;
				GCC_WARN_ABOUT_RETURN_TYPE = YES_ERROR;
				GCC_WARN_UNDECLARED_SELECTOR = YES;
				GCC_WARN_UNINITIALIZED_AUTOS = YES_AGGRESSIVE;
				GCC_WARN_UNUSED_FUNCTION = YES;
				GCC_WARN_UNUSED_VARIABLE = YES;
				IPHONEOS_DEPLOYMENT_TARGET = 10.3;
				MTL_ENABLE_DEBUG_INFO = NO;
				SDKROOT = iphoneos;
				SWIFT_OPTIMIZATION_LEVEL = "-Owholemodule";
				TARGETED_DEVICE_FAMILY = "1,2";
				VALIDATE_PRODUCT = YES;
			};
			name = Release;
		};
		027B01401F1E621600D576CE /* Debug */ = {
			isa = XCBuildConfiguration;
			baseConfigurationReference = 54291CC0F55F9222FD2AFA2C /* Pods-Alemua.debug.xcconfig */;
			buildSettings = {
				ASSETCATALOG_COMPILER_APPICON_NAME = AppIcon;
				INFOPLIST_FILE = Alemua/Info.plist;
				LD_RUNPATH_SEARCH_PATHS = "$(inherited) @executable_path/Frameworks";
				PRODUCT_BUNDLE_IDENTIFIER = com.congnt.Alemua;
				PRODUCT_NAME = "$(TARGET_NAME)";
				SWIFT_VERSION = 3.0;
			};
			name = Debug;
		};
		027B01411F1E621600D576CE /* Release */ = {
			isa = XCBuildConfiguration;
			baseConfigurationReference = C6B19EAE6BF40EFE2F52A3FC /* Pods-Alemua.release.xcconfig */;
			buildSettings = {
				ASSETCATALOG_COMPILER_APPICON_NAME = AppIcon;
				INFOPLIST_FILE = Alemua/Info.plist;
				LD_RUNPATH_SEARCH_PATHS = "$(inherited) @executable_path/Frameworks";
				PRODUCT_BUNDLE_IDENTIFIER = com.congnt.Alemua;
				PRODUCT_NAME = "$(TARGET_NAME)";
				SWIFT_VERSION = 3.0;
			};
			name = Release;
		};
/* End XCBuildConfiguration section */

/* Begin XCConfigurationList section */
		027B01281F1E621600D576CE /* Build configuration list for PBXProject "Alemua" */ = {
			isa = XCConfigurationList;
			buildConfigurations = (
				027B013D1F1E621600D576CE /* Debug */,
				027B013E1F1E621600D576CE /* Release */,
			);
			defaultConfigurationIsVisible = 0;
			defaultConfigurationName = Release;
		};
		027B013F1F1E621600D576CE /* Build configuration list for PBXNativeTarget "Alemua" */ = {
			isa = XCConfigurationList;
			buildConfigurations = (
				027B01401F1E621600D576CE /* Debug */,
				027B01411F1E621600D576CE /* Release */,
			);
			defaultConfigurationIsVisible = 0;
			defaultConfigurationName = Release;
		};
/* End XCConfigurationList section */
	};
	rootObject = 027B01251F1E621600D576CE /* Project object */;
}
